// !$*UTF8*$!
{
	archiveVersion = 1;
	classes = {
	};
	objectVersion = 52;
	objects = {

/* Begin PBXBuildFile section */
		3F2DB5712909E33A0013A056 /* SignUpViewController.swift in Sources */ = {isa = PBXBuildFile; fileRef = 3F2DB5702909E33A0013A056 /* SignUpViewController.swift */; };
		3F2EA1612909F2A0006520A3 /* Utilities.swift in Sources */ = {isa = PBXBuildFile; fileRef = 3F2EA1602909F2A0006520A3 /* Utilities.swift */; };
		3F2EA163290B470D006520A3 /* GoogleService-Info.plist in Resources */ = {isa = PBXBuildFile; fileRef = 3F2EA162290B470C006520A3 /* GoogleService-Info.plist */; };
		3F2EA166290C75E2006520A3 /* FirebaseAnalytics in Frameworks */ = {isa = PBXBuildFile; productRef = 3F2EA165290C75E2006520A3 /* FirebaseAnalytics */; };
		3F2EA168290C75E2006520A3 /* FirebaseAnalyticsOnDeviceConversion in Frameworks */ = {isa = PBXBuildFile; productRef = 3F2EA167290C75E2006520A3 /* FirebaseAnalyticsOnDeviceConversion */; };
		3F2EA16A290C75E2006520A3 /* FirebaseAnalyticsSwift in Frameworks */ = {isa = PBXBuildFile; productRef = 3F2EA169290C75E2006520A3 /* FirebaseAnalyticsSwift */; };
		3F2EA16C290C75E2006520A3 /* FirebaseAnalyticsWithoutAdIdSupport in Frameworks */ = {isa = PBXBuildFile; productRef = 3F2EA16B290C75E2006520A3 /* FirebaseAnalyticsWithoutAdIdSupport */; };
		3F2EA16E290C75E2006520A3 /* FirebaseAppCheck in Frameworks */ = {isa = PBXBuildFile; productRef = 3F2EA16D290C75E2006520A3 /* FirebaseAppCheck */; };
		3F2EA170290C75E2006520A3 /* FirebaseAppDistribution-Beta in Frameworks */ = {isa = PBXBuildFile; productRef = 3F2EA16F290C75E2006520A3 /* FirebaseAppDistribution-Beta */; };
		3F2EA172290C75E2006520A3 /* FirebaseAuth in Frameworks */ = {isa = PBXBuildFile; productRef = 3F2EA171290C75E2006520A3 /* FirebaseAuth */; };
		3F2EA174290C75E2006520A3 /* FirebaseAuthCombine-Community in Frameworks */ = {isa = PBXBuildFile; productRef = 3F2EA173290C75E2006520A3 /* FirebaseAuthCombine-Community */; };
		3F2EA176290C75E2006520A3 /* FirebaseCrashlytics in Frameworks */ = {isa = PBXBuildFile; productRef = 3F2EA175290C75E2006520A3 /* FirebaseCrashlytics */; };
		3F2EA178290C75E2006520A3 /* FirebaseDatabase in Frameworks */ = {isa = PBXBuildFile; productRef = 3F2EA177290C75E2006520A3 /* FirebaseDatabase */; };
		3F2EA17A290C75E2006520A3 /* FirebaseDatabaseSwift in Frameworks */ = {isa = PBXBuildFile; productRef = 3F2EA179290C75E2006520A3 /* FirebaseDatabaseSwift */; };
		3F2EA17C290C75E2006520A3 /* FirebaseDynamicLinks in Frameworks */ = {isa = PBXBuildFile; productRef = 3F2EA17B290C75E2006520A3 /* FirebaseDynamicLinks */; };
		3F2EA17E290C75E2006520A3 /* FirebaseFirestore in Frameworks */ = {isa = PBXBuildFile; productRef = 3F2EA17D290C75E2006520A3 /* FirebaseFirestore */; };
		3F2EA180290C75E2006520A3 /* FirebaseFirestoreCombine-Community in Frameworks */ = {isa = PBXBuildFile; productRef = 3F2EA17F290C75E2006520A3 /* FirebaseFirestoreCombine-Community */; };
		3F2EA182290C75E2006520A3 /* FirebaseFirestoreSwift in Frameworks */ = {isa = PBXBuildFile; productRef = 3F2EA181290C75E2006520A3 /* FirebaseFirestoreSwift */; };
		3F2EA184290C75E2006520A3 /* FirebaseFunctions in Frameworks */ = {isa = PBXBuildFile; productRef = 3F2EA183290C75E2006520A3 /* FirebaseFunctions */; };
		3F2EA186290C75E2006520A3 /* FirebaseFunctionsCombine-Community in Frameworks */ = {isa = PBXBuildFile; productRef = 3F2EA185290C75E2006520A3 /* FirebaseFunctionsCombine-Community */; };
		3F2EA188290C75E2006520A3 /* FirebaseInAppMessaging-Beta in Frameworks */ = {isa = PBXBuildFile; productRef = 3F2EA187290C75E2006520A3 /* FirebaseInAppMessaging-Beta */; };
		3F2EA18A290C75E2006520A3 /* FirebaseInAppMessagingSwift-Beta in Frameworks */ = {isa = PBXBuildFile; productRef = 3F2EA189290C75E2006520A3 /* FirebaseInAppMessagingSwift-Beta */; };
		3F2EA18C290C75E2006520A3 /* FirebaseInstallations in Frameworks */ = {isa = PBXBuildFile; productRef = 3F2EA18B290C75E2006520A3 /* FirebaseInstallations */; };
		3F2EA18E290C75E2006520A3 /* FirebaseMLModelDownloader in Frameworks */ = {isa = PBXBuildFile; productRef = 3F2EA18D290C75E2006520A3 /* FirebaseMLModelDownloader */; };
		3F2EA190290C75E2006520A3 /* FirebaseMessaging in Frameworks */ = {isa = PBXBuildFile; productRef = 3F2EA18F290C75E2006520A3 /* FirebaseMessaging */; };
		3F2EA192290C75E2006520A3 /* FirebasePerformance in Frameworks */ = {isa = PBXBuildFile; productRef = 3F2EA191290C75E2006520A3 /* FirebasePerformance */; };
		3F2EA194290C75E2006520A3 /* FirebaseRemoteConfig in Frameworks */ = {isa = PBXBuildFile; productRef = 3F2EA193290C75E2006520A3 /* FirebaseRemoteConfig */; };
		3F2EA196290C75E2006520A3 /* FirebaseRemoteConfigSwift in Frameworks */ = {isa = PBXBuildFile; productRef = 3F2EA195290C75E2006520A3 /* FirebaseRemoteConfigSwift */; };
		3F2EA198290C75E2006520A3 /* FirebaseStorage in Frameworks */ = {isa = PBXBuildFile; productRef = 3F2EA197290C75E2006520A3 /* FirebaseStorage */; };
		3F2EA19A290C75E2006520A3 /* FirebaseStorageCombine-Community in Frameworks */ = {isa = PBXBuildFile; productRef = 3F2EA199290C75E2006520A3 /* FirebaseStorageCombine-Community */; };
		3F2EA19C290C8807006520A3 /* Constants.swift in Sources */ = {isa = PBXBuildFile; fileRef = 3F2EA19B290C8807006520A3 /* Constants.swift */; };
		3F539BCF29085EE70066F841 /* Scanner VC.swift in Sources */ = {isa = PBXBuildFile; fileRef = 3F539BCE29085EE70066F841 /* Scanner VC.swift */; };
		3F941B112818A00000D9A8B2 /* New User Setup VC.swift in Sources */ = {isa = PBXBuildFile; fileRef = 3F941B102818A00000D9A8B2 /* New User Setup VC.swift */; };
		3F941B132818A01C00D9A8B2 /* Existing User VC.swift in Sources */ = {isa = PBXBuildFile; fileRef = 3F941B122818A01C00D9A8B2 /* Existing User VC.swift */; };
		3F941B152818A02D00D9A8B2 /* Live Map VC.swift in Sources */ = {isa = PBXBuildFile; fileRef = 3F941B142818A02D00D9A8B2 /* Live Map VC.swift */; };
		3FAC4A45283DA01200404C2E /* Profile VC.swift in Sources */ = {isa = PBXBuildFile; fileRef = 3FAC4A44283DA01200404C2E /* Profile VC.swift */; };
		3FAC4AC8284558FB00404C2E /* PlantingsTableViewCell.swift in Sources */ = {isa = PBXBuildFile; fileRef = 3FAC4AC7284558FB00404C2E /* PlantingsTableViewCell.swift */; };
		3FFF6447280CAD0100030ABD /* AppDelegate.swift in Sources */ = {isa = PBXBuildFile; fileRef = 3FFF6446280CAD0100030ABD /* AppDelegate.swift */; };
		3FFF6449280CAD0100030ABD /* SceneDelegate.swift in Sources */ = {isa = PBXBuildFile; fileRef = 3FFF6448280CAD0100030ABD /* SceneDelegate.swift */; };
		3FFF644E280CAD0100030ABD /* Main.storyboard in Resources */ = {isa = PBXBuildFile; fileRef = 3FFF644C280CAD0100030ABD /* Main.storyboard */; };
		3FFF6450280CAD0500030ABD /* Assets.xcassets in Resources */ = {isa = PBXBuildFile; fileRef = 3FFF644F280CAD0500030ABD /* Assets.xcassets */; };
		3FFF6453280CAD0500030ABD /* LaunchScreen.storyboard in Resources */ = {isa = PBXBuildFile; fileRef = 3FFF6451280CAD0500030ABD /* LaunchScreen.storyboard */; };
		3FFF645E280CAD0600030ABD /* PollinatorPathwayTests.swift in Sources */ = {isa = PBXBuildFile; fileRef = 3FFF645D280CAD0600030ABD /* PollinatorPathwayTests.swift */; };
		3FFF6469280CAD0600030ABD /* PollinatorPathwayUITests.swift in Sources */ = {isa = PBXBuildFile; fileRef = 3FFF6468280CAD0600030ABD /* PollinatorPathwayUITests.swift */; };
		442ECECB28E63B8C00869252 /* Planting VC.swift in Sources */ = {isa = PBXBuildFile; fileRef = 442ECECA28E63B8C00869252 /* Planting VC.swift */; };
		44D6872828FDDA7400A669C5 /* bee3_2.png in Resources */ = {isa = PBXBuildFile; fileRef = 44D6872028FDDA7400A669C5 /* bee3_2.png */; };
		44D6872928FDDA7400A669C5 /* butterfly3_2.png in Resources */ = {isa = PBXBuildFile; fileRef = 44D6872128FDDA7400A669C5 /* butterfly3_2.png */; };
		44D6872A28FDDA7400A669C5 /* hummingbird1_2.psd in Resources */ = {isa = PBXBuildFile; fileRef = 44D6872228FDDA7400A669C5 /* hummingbird1_2.psd */; };
		44D6872B28FDDA7400A669C5 /* butterfly1_2.png in Resources */ = {isa = PBXBuildFile; fileRef = 44D6872328FDDA7400A669C5 /* butterfly1_2.png */; };
		44D6872C28FDDA7400A669C5 /* bee1_2.png in Resources */ = {isa = PBXBuildFile; fileRef = 44D6872428FDDA7400A669C5 /* bee1_2.png */; };
		44D6872E28FDDA7400A669C5 /* bee4_2png.png in Resources */ = {isa = PBXBuildFile; fileRef = 44D6872628FDDA7400A669C5 /* bee4_2png.png */; };
		44D6872F28FDDA7400A669C5 /* bee2_1.PNG in Resources */ = {isa = PBXBuildFile; fileRef = 44D6872728FDDA7400A669C5 /* bee2_1.PNG */; };
		44D6873128FDDC7000A669C5 /* bee2_2.png in Resources */ = {isa = PBXBuildFile; fileRef = 44D6873028FDDC7000A669C5 /* bee2_2.png */; };
/* End PBXBuildFile section */

/* Begin PBXContainerItemProxy section */
		3FFF645A280CAD0600030ABD /* PBXContainerItemProxy */ = {
			isa = PBXContainerItemProxy;
			containerPortal = 3FFF643B280CAD0100030ABD /* Project object */;
			proxyType = 1;
			remoteGlobalIDString = 3FFF6442280CAD0100030ABD;
			remoteInfo = PollinatorPathway;
		};
		3FFF6465280CAD0600030ABD /* PBXContainerItemProxy */ = {
			isa = PBXContainerItemProxy;
			containerPortal = 3FFF643B280CAD0100030ABD /* Project object */;
			proxyType = 1;
			remoteGlobalIDString = 3FFF6442280CAD0100030ABD;
			remoteInfo = PollinatorPathway;
		};
/* End PBXContainerItemProxy section */

/* Begin PBXFileReference section */
		3F2DB5702909E33A0013A056 /* SignUpViewController.swift */ = {isa = PBXFileReference; lastKnownFileType = sourcecode.swift; path = SignUpViewController.swift; sourceTree = "<group>"; };
		3F2EA1602909F2A0006520A3 /* Utilities.swift */ = {isa = PBXFileReference; fileEncoding = 4; lastKnownFileType = sourcecode.swift; path = Utilities.swift; sourceTree = "<group>"; };
		3F2EA162290B470C006520A3 /* GoogleService-Info.plist */ = {isa = PBXFileReference; fileEncoding = 4; lastKnownFileType = text.plist.xml; path = "GoogleService-Info.plist"; sourceTree = "<group>"; };
		3F2EA19B290C8807006520A3 /* Constants.swift */ = {isa = PBXFileReference; lastKnownFileType = sourcecode.swift; path = Constants.swift; sourceTree = "<group>"; };
		3F539BCE29085EE70066F841 /* Scanner VC.swift */ = {isa = PBXFileReference; lastKnownFileType = sourcecode.swift; path = "Scanner VC.swift"; sourceTree = "<group>"; };
		3F941B102818A00000D9A8B2 /* New User Setup VC.swift */ = {isa = PBXFileReference; lastKnownFileType = sourcecode.swift; path = "New User Setup VC.swift"; sourceTree = "<group>"; };
		3F941B122818A01C00D9A8B2 /* Existing User VC.swift */ = {isa = PBXFileReference; lastKnownFileType = sourcecode.swift; path = "Existing User VC.swift"; sourceTree = "<group>"; };
		3F941B142818A02D00D9A8B2 /* Live Map VC.swift */ = {isa = PBXFileReference; lastKnownFileType = sourcecode.swift; path = "Live Map VC.swift"; sourceTree = "<group>"; };
		3FAC4A44283DA01200404C2E /* Profile VC.swift */ = {isa = PBXFileReference; lastKnownFileType = sourcecode.swift; path = "Profile VC.swift"; sourceTree = "<group>"; };
		3FAC4AC7284558FB00404C2E /* PlantingsTableViewCell.swift */ = {isa = PBXFileReference; lastKnownFileType = sourcecode.swift; path = PlantingsTableViewCell.swift; sourceTree = "<group>"; };
		3FFF6443280CAD0100030ABD /* PollinatorPathway.app */ = {isa = PBXFileReference; explicitFileType = wrapper.application; includeInIndex = 0; path = PollinatorPathway.app; sourceTree = BUILT_PRODUCTS_DIR; };
		3FFF6446280CAD0100030ABD /* AppDelegate.swift */ = {isa = PBXFileReference; lastKnownFileType = sourcecode.swift; path = AppDelegate.swift; sourceTree = "<group>"; };
		3FFF6448280CAD0100030ABD /* SceneDelegate.swift */ = {isa = PBXFileReference; lastKnownFileType = sourcecode.swift; path = SceneDelegate.swift; sourceTree = "<group>"; };
		3FFF644D280CAD0100030ABD /* Base */ = {isa = PBXFileReference; lastKnownFileType = file.storyboard; name = Base; path = Base.lproj/Main.storyboard; sourceTree = "<group>"; };
		3FFF644F280CAD0500030ABD /* Assets.xcassets */ = {isa = PBXFileReference; lastKnownFileType = folder.assetcatalog; path = Assets.xcassets; sourceTree = "<group>"; };
		3FFF6452280CAD0500030ABD /* Base */ = {isa = PBXFileReference; lastKnownFileType = file.storyboard; name = Base; path = Base.lproj/LaunchScreen.storyboard; sourceTree = "<group>"; };
		3FFF6454280CAD0500030ABD /* Info.plist */ = {isa = PBXFileReference; lastKnownFileType = text.plist.xml; path = Info.plist; sourceTree = "<group>"; };
		3FFF6459280CAD0600030ABD /* PollinatorPathwayTests.xctest */ = {isa = PBXFileReference; explicitFileType = wrapper.cfbundle; includeInIndex = 0; path = PollinatorPathwayTests.xctest; sourceTree = BUILT_PRODUCTS_DIR; };
		3FFF645D280CAD0600030ABD /* PollinatorPathwayTests.swift */ = {isa = PBXFileReference; lastKnownFileType = sourcecode.swift; path = PollinatorPathwayTests.swift; sourceTree = "<group>"; };
		3FFF645F280CAD0600030ABD /* Info.plist */ = {isa = PBXFileReference; lastKnownFileType = text.plist.xml; path = Info.plist; sourceTree = "<group>"; };
		3FFF6464280CAD0600030ABD /* PollinatorPathwayUITests.xctest */ = {isa = PBXFileReference; explicitFileType = wrapper.cfbundle; includeInIndex = 0; path = PollinatorPathwayUITests.xctest; sourceTree = BUILT_PRODUCTS_DIR; };
		3FFF6468280CAD0600030ABD /* PollinatorPathwayUITests.swift */ = {isa = PBXFileReference; lastKnownFileType = sourcecode.swift; path = PollinatorPathwayUITests.swift; sourceTree = "<group>"; };
		3FFF646A280CAD0600030ABD /* Info.plist */ = {isa = PBXFileReference; lastKnownFileType = text.plist.xml; path = Info.plist; sourceTree = "<group>"; };
		442ECECA28E63B8C00869252 /* Planting VC.swift */ = {isa = PBXFileReference; lastKnownFileType = sourcecode.swift; path = "Planting VC.swift"; sourceTree = "<group>"; };
		44D6872028FDDA7400A669C5 /* bee3_2.png */ = {isa = PBXFileReference; lastKnownFileType = image.png; path = bee3_2.png; sourceTree = "<group>"; };
		44D6872128FDDA7400A669C5 /* butterfly3_2.png */ = {isa = PBXFileReference; lastKnownFileType = image.png; path = butterfly3_2.png; sourceTree = "<group>"; };
		44D6872228FDDA7400A669C5 /* hummingbird1_2.psd */ = {isa = PBXFileReference; lastKnownFileType = file; path = hummingbird1_2.psd; sourceTree = "<group>"; };
		44D6872328FDDA7400A669C5 /* butterfly1_2.png */ = {isa = PBXFileReference; lastKnownFileType = image.png; path = butterfly1_2.png; sourceTree = "<group>"; };
		44D6872428FDDA7400A669C5 /* bee1_2.png */ = {isa = PBXFileReference; lastKnownFileType = image.png; path = bee1_2.png; sourceTree = "<group>"; };
		44D6872628FDDA7400A669C5 /* bee4_2png.png */ = {isa = PBXFileReference; lastKnownFileType = image.png; path = bee4_2png.png; sourceTree = "<group>"; };
		44D6872728FDDA7400A669C5 /* bee2_1.PNG */ = {isa = PBXFileReference; lastKnownFileType = image.png; path = bee2_1.PNG; sourceTree = "<group>"; };
		44D6873028FDDC7000A669C5 /* bee2_2.png */ = {isa = PBXFileReference; lastKnownFileType = image.png; path = bee2_2.png; sourceTree = "<group>"; };
/* End PBXFileReference section */

/* Begin PBXFrameworksBuildPhase section */
		3FFF6440280CAD0100030ABD /* Frameworks */ = {
			isa = PBXFrameworksBuildPhase;
			buildActionMask = 2147483647;
			files = (
				3F2EA178290C75E2006520A3 /* FirebaseDatabase in Frameworks */,
				3F2EA186290C75E2006520A3 /* FirebaseFunctionsCombine-Community in Frameworks */,
				3F2EA17E290C75E2006520A3 /* FirebaseFirestore in Frameworks */,
				3F2EA16A290C75E2006520A3 /* FirebaseAnalyticsSwift in Frameworks */,
				3F2EA166290C75E2006520A3 /* FirebaseAnalytics in Frameworks */,
				3F2EA168290C75E2006520A3 /* FirebaseAnalyticsOnDeviceConversion in Frameworks */,
				3F2EA18E290C75E2006520A3 /* FirebaseMLModelDownloader in Frameworks */,
				3F2EA182290C75E2006520A3 /* FirebaseFirestoreSwift in Frameworks */,
				3F2EA16E290C75E2006520A3 /* FirebaseAppCheck in Frameworks */,
				3F2EA16C290C75E2006520A3 /* FirebaseAnalyticsWithoutAdIdSupport in Frameworks */,
				3F2EA172290C75E2006520A3 /* FirebaseAuth in Frameworks */,
				3F2EA176290C75E2006520A3 /* FirebaseCrashlytics in Frameworks */,
				3F2EA196290C75E2006520A3 /* FirebaseRemoteConfigSwift in Frameworks */,
				3F2EA188290C75E2006520A3 /* FirebaseInAppMessaging-Beta in Frameworks */,
				3F2EA17A290C75E2006520A3 /* FirebaseDatabaseSwift in Frameworks */,
				3F2EA184290C75E2006520A3 /* FirebaseFunctions in Frameworks */,
				3F2EA19A290C75E2006520A3 /* FirebaseStorageCombine-Community in Frameworks */,
				3F2EA194290C75E2006520A3 /* FirebaseRemoteConfig in Frameworks */,
				3F2EA170290C75E2006520A3 /* FirebaseAppDistribution-Beta in Frameworks */,
				3F2EA174290C75E2006520A3 /* FirebaseAuthCombine-Community in Frameworks */,
				3F2EA192290C75E2006520A3 /* FirebasePerformance in Frameworks */,
				3F2EA18A290C75E2006520A3 /* FirebaseInAppMessagingSwift-Beta in Frameworks */,
				3F2EA198290C75E2006520A3 /* FirebaseStorage in Frameworks */,
				3F2EA17C290C75E2006520A3 /* FirebaseDynamicLinks in Frameworks */,
				3F2EA180290C75E2006520A3 /* FirebaseFirestoreCombine-Community in Frameworks */,
				3F2EA190290C75E2006520A3 /* FirebaseMessaging in Frameworks */,
				3F2EA18C290C75E2006520A3 /* FirebaseInstallations in Frameworks */,
			);
			runOnlyForDeploymentPostprocessing = 0;
		};
		3FFF6456280CAD0600030ABD /* Frameworks */ = {
			isa = PBXFrameworksBuildPhase;
			buildActionMask = 2147483647;
			files = (
			);
			runOnlyForDeploymentPostprocessing = 0;
		};
		3FFF6461280CAD0600030ABD /* Frameworks */ = {
			isa = PBXFrameworksBuildPhase;
			buildActionMask = 2147483647;
			files = (
			);
			runOnlyForDeploymentPostprocessing = 0;
		};
/* End PBXFrameworksBuildPhase section */

/* Begin PBXGroup section */
		3F2DB5742909E3690013A056 /* ViewControllers */ = {
			isa = PBXGroup;
			children = (
				3F941B122818A01C00D9A8B2 /* Existing User VC.swift */,
				3F2DB5702909E33A0013A056 /* SignUpViewController.swift */,
			);
			path = ViewControllers;
			sourceTree = "<group>";
		};
		3F2EA15F2909F260006520A3 /* Helpers */ = {
			isa = PBXGroup;
			children = (
				3F2EA1602909F2A0006520A3 /* Utilities.swift */,
				3F2EA19B290C8807006520A3 /* Constants.swift */,
			);
			path = Helpers;
			sourceTree = "<group>";
		};
		3FFF643A280CAD0100030ABD = {
			isa = PBXGroup;
			children = (
				3FFF6445280CAD0100030ABD /* PollinatorPathway */,
				3FFF645C280CAD0600030ABD /* PollinatorPathwayTests */,
				3FFF6467280CAD0600030ABD /* PollinatorPathwayUITests */,
				3FFF6444280CAD0100030ABD /* Products */,
			);
			sourceTree = "<group>";
		};
		3FFF6444280CAD0100030ABD /* Products */ = {
			isa = PBXGroup;
			children = (
				3FFF6443280CAD0100030ABD /* PollinatorPathway.app */,
				3FFF6459280CAD0600030ABD /* PollinatorPathwayTests.xctest */,
				3FFF6464280CAD0600030ABD /* PollinatorPathwayUITests.xctest */,
			);
			name = Products;
			sourceTree = "<group>";
		};
		3FFF6445280CAD0100030ABD /* PollinatorPathway */ = {
			isa = PBXGroup;
			children = (
				3F2EA15F2909F260006520A3 /* Helpers */,
				3FFF6446280CAD0100030ABD /* AppDelegate.swift */,
				3FFF6448280CAD0100030ABD /* SceneDelegate.swift */,
				3F2DB5742909E3690013A056 /* ViewControllers */,
				3FFF644C280CAD0100030ABD /* Main.storyboard */,
				3F539BCE29085EE70066F841 /* Scanner VC.swift */,
				3FAC4AC7284558FB00404C2E /* PlantingsTableViewCell.swift */,
				3F941B102818A00000D9A8B2 /* New User Setup VC.swift */,
				3F941B142818A02D00D9A8B2 /* Live Map VC.swift */,
				3FAC4A44283DA01200404C2E /* Profile VC.swift */,
				442ECECA28E63B8C00869252 /* Planting VC.swift */,
				3FFF644F280CAD0500030ABD /* Assets.xcassets */,
				44D6872428FDDA7400A669C5 /* bee1_2.png */,
				44D6873028FDDC7000A669C5 /* bee2_2.png */,
				44D6872728FDDA7400A669C5 /* bee2_1.PNG */,
				44D6872028FDDA7400A669C5 /* bee3_2.png */,
				44D6872628FDDA7400A669C5 /* bee4_2png.png */,
				44D6872328FDDA7400A669C5 /* butterfly1_2.png */,
				44D6872128FDDA7400A669C5 /* butterfly3_2.png */,
				44D6872228FDDA7400A669C5 /* hummingbird1_2.psd */,
				3FFF6451280CAD0500030ABD /* LaunchScreen.storyboard */,
				3FFF6454280CAD0500030ABD /* Info.plist */,
				3F2EA162290B470C006520A3 /* GoogleService-Info.plist */,
			);
			path = PollinatorPathway;
			sourceTree = "<group>";
		};
		3FFF645C280CAD0600030ABD /* PollinatorPathwayTests */ = {
			isa = PBXGroup;
			children = (
				3FFF645D280CAD0600030ABD /* PollinatorPathwayTests.swift */,
				3FFF645F280CAD0600030ABD /* Info.plist */,
			);
			path = PollinatorPathwayTests;
			sourceTree = "<group>";
		};
		3FFF6467280CAD0600030ABD /* PollinatorPathwayUITests */ = {
			isa = PBXGroup;
			children = (
				3FFF6468280CAD0600030ABD /* PollinatorPathwayUITests.swift */,
				3FFF646A280CAD0600030ABD /* Info.plist */,
			);
			path = PollinatorPathwayUITests;
			sourceTree = "<group>";
		};
/* End PBXGroup section */

/* Begin PBXNativeTarget section */
		3FFF6442280CAD0100030ABD /* PollinatorPathway */ = {
			isa = PBXNativeTarget;
			buildConfigurationList = 3FFF646D280CAD0600030ABD /* Build configuration list for PBXNativeTarget "PollinatorPathway" */;
			buildPhases = (
				3FFF643F280CAD0100030ABD /* Sources */,
				3FFF6440280CAD0100030ABD /* Frameworks */,
				3FFF6441280CAD0100030ABD /* Resources */,
			);
			buildRules = (
			);
			dependencies = (
			);
			name = PollinatorPathway;
			packageProductDependencies = (
				3F2EA165290C75E2006520A3 /* FirebaseAnalytics */,
				3F2EA167290C75E2006520A3 /* FirebaseAnalyticsOnDeviceConversion */,
				3F2EA169290C75E2006520A3 /* FirebaseAnalyticsSwift */,
				3F2EA16B290C75E2006520A3 /* FirebaseAnalyticsWithoutAdIdSupport */,
				3F2EA16D290C75E2006520A3 /* FirebaseAppCheck */,
				3F2EA16F290C75E2006520A3 /* FirebaseAppDistribution-Beta */,
				3F2EA171290C75E2006520A3 /* FirebaseAuth */,
				3F2EA173290C75E2006520A3 /* FirebaseAuthCombine-Community */,
				3F2EA175290C75E2006520A3 /* FirebaseCrashlytics */,
				3F2EA177290C75E2006520A3 /* FirebaseDatabase */,
				3F2EA179290C75E2006520A3 /* FirebaseDatabaseSwift */,
				3F2EA17B290C75E2006520A3 /* FirebaseDynamicLinks */,
				3F2EA17D290C75E2006520A3 /* FirebaseFirestore */,
				3F2EA17F290C75E2006520A3 /* FirebaseFirestoreCombine-Community */,
				3F2EA181290C75E2006520A3 /* FirebaseFirestoreSwift */,
				3F2EA183290C75E2006520A3 /* FirebaseFunctions */,
				3F2EA185290C75E2006520A3 /* FirebaseFunctionsCombine-Community */,
				3F2EA187290C75E2006520A3 /* FirebaseInAppMessaging-Beta */,
				3F2EA189290C75E2006520A3 /* FirebaseInAppMessagingSwift-Beta */,
				3F2EA18B290C75E2006520A3 /* FirebaseInstallations */,
				3F2EA18D290C75E2006520A3 /* FirebaseMLModelDownloader */,
				3F2EA18F290C75E2006520A3 /* FirebaseMessaging */,
				3F2EA191290C75E2006520A3 /* FirebasePerformance */,
				3F2EA193290C75E2006520A3 /* FirebaseRemoteConfig */,
				3F2EA195290C75E2006520A3 /* FirebaseRemoteConfigSwift */,
				3F2EA197290C75E2006520A3 /* FirebaseStorage */,
				3F2EA199290C75E2006520A3 /* FirebaseStorageCombine-Community */,
			);
			productName = PollinatorPathway;
			productReference = 3FFF6443280CAD0100030ABD /* PollinatorPathway.app */;
			productType = "com.apple.product-type.application";
		};
		3FFF6458280CAD0600030ABD /* PollinatorPathwayTests */ = {
			isa = PBXNativeTarget;
			buildConfigurationList = 3FFF6470280CAD0600030ABD /* Build configuration list for PBXNativeTarget "PollinatorPathwayTests" */;
			buildPhases = (
				3FFF6455280CAD0600030ABD /* Sources */,
				3FFF6456280CAD0600030ABD /* Frameworks */,
				3FFF6457280CAD0600030ABD /* Resources */,
			);
			buildRules = (
			);
			dependencies = (
				3FFF645B280CAD0600030ABD /* PBXTargetDependency */,
			);
			name = PollinatorPathwayTests;
			productName = PollinatorPathwayTests;
			productReference = 3FFF6459280CAD0600030ABD /* PollinatorPathwayTests.xctest */;
			productType = "com.apple.product-type.bundle.unit-test";
		};
		3FFF6463280CAD0600030ABD /* PollinatorPathwayUITests */ = {
			isa = PBXNativeTarget;
			buildConfigurationList = 3FFF6473280CAD0600030ABD /* Build configuration list for PBXNativeTarget "PollinatorPathwayUITests" */;
			buildPhases = (
				3FFF6460280CAD0600030ABD /* Sources */,
				3FFF6461280CAD0600030ABD /* Frameworks */,
				3FFF6462280CAD0600030ABD /* Resources */,
			);
			buildRules = (
			);
			dependencies = (
				3FFF6466280CAD0600030ABD /* PBXTargetDependency */,
			);
			name = PollinatorPathwayUITests;
			productName = PollinatorPathwayUITests;
			productReference = 3FFF6464280CAD0600030ABD /* PollinatorPathwayUITests.xctest */;
			productType = "com.apple.product-type.bundle.ui-testing";
		};
/* End PBXNativeTarget section */

/* Begin PBXProject section */
		3FFF643B280CAD0100030ABD /* Project object */ = {
			isa = PBXProject;
			attributes = {
				LastSwiftUpdateCheck = 1250;
				LastUpgradeCheck = 1250;
				TargetAttributes = {
					3FFF6442280CAD0100030ABD = {
						CreatedOnToolsVersion = 12.5.1;
					};
					3FFF6458280CAD0600030ABD = {
						CreatedOnToolsVersion = 12.5.1;
						TestTargetID = 3FFF6442280CAD0100030ABD;
					};
					3FFF6463280CAD0600030ABD = {
						CreatedOnToolsVersion = 12.5.1;
						TestTargetID = 3FFF6442280CAD0100030ABD;
					};
				};
			};
			buildConfigurationList = 3FFF643E280CAD0100030ABD /* Build configuration list for PBXProject "PollinatorPathway" */;
			compatibilityVersion = "Xcode 9.3";
			developmentRegion = en;
			hasScannedForEncodings = 0;
			knownRegions = (
				en,
				Base,
			);
			mainGroup = 3FFF643A280CAD0100030ABD;
			packageReferences = (
				3F2EA164290C75E2006520A3 /* XCRemoteSwiftPackageReference "firebase-ios-sdk" */,
			);
			productRefGroup = 3FFF6444280CAD0100030ABD /* Products */;
			projectDirPath = "";
			projectRoot = "";
			targets = (
				3FFF6442280CAD0100030ABD /* PollinatorPathway */,
				3FFF6458280CAD0600030ABD /* PollinatorPathwayTests */,
				3FFF6463280CAD0600030ABD /* PollinatorPathwayUITests */,
			);
		};
/* End PBXProject section */

/* Begin PBXResourcesBuildPhase section */
		3FFF6441280CAD0100030ABD /* Resources */ = {
			isa = PBXResourcesBuildPhase;
			buildActionMask = 2147483647;
			files = (
				44D6873128FDDC7000A669C5 /* bee2_2.png in Resources */,
				3FFF6453280CAD0500030ABD /* LaunchScreen.storyboard in Resources */,
				44D6872A28FDDA7400A669C5 /* hummingbird1_2.psd in Resources */,
				44D6872E28FDDA7400A669C5 /* bee4_2png.png in Resources */,
				44D6872828FDDA7400A669C5 /* bee3_2.png in Resources */,
				3F2EA163290B470D006520A3 /* GoogleService-Info.plist in Resources */,
				44D6872C28FDDA7400A669C5 /* bee1_2.png in Resources */,
				44D6872F28FDDA7400A669C5 /* bee2_1.PNG in Resources */,
				3FFF6450280CAD0500030ABD /* Assets.xcassets in Resources */,
				3FFF644E280CAD0100030ABD /* Main.storyboard in Resources */,
				44D6872928FDDA7400A669C5 /* butterfly3_2.png in Resources */,
				44D6872B28FDDA7400A669C5 /* butterfly1_2.png in Resources */,
			);
			runOnlyForDeploymentPostprocessing = 0;
		};
		3FFF6457280CAD0600030ABD /* Resources */ = {
			isa = PBXResourcesBuildPhase;
			buildActionMask = 2147483647;
			files = (
			);
			runOnlyForDeploymentPostprocessing = 0;
		};
		3FFF6462280CAD0600030ABD /* Resources */ = {
			isa = PBXResourcesBuildPhase;
			buildActionMask = 2147483647;
			files = (
			);
			runOnlyForDeploymentPostprocessing = 0;
		};
/* End PBXResourcesBuildPhase section */

/* Begin PBXSourcesBuildPhase section */
		3FFF643F280CAD0100030ABD /* Sources */ = {
			isa = PBXSourcesBuildPhase;
			buildActionMask = 2147483647;
			files = (
				3F539BCF29085EE70066F841 /* Scanner VC.swift in Sources */,
				3FAC4AC8284558FB00404C2E /* PlantingsTableViewCell.swift in Sources */,
				3F941B112818A00000D9A8B2 /* New User Setup VC.swift in Sources */,
				3F2EA1612909F2A0006520A3 /* Utilities.swift in Sources */,
				442ECECB28E63B8C00869252 /* Planting VC.swift in Sources */,
				3FFF6447280CAD0100030ABD /* AppDelegate.swift in Sources */,
				3F941B152818A02D00D9A8B2 /* Live Map VC.swift in Sources */,
				3FFF6449280CAD0100030ABD /* SceneDelegate.swift in Sources */,
				3F2DB5712909E33A0013A056 /* SignUpViewController.swift in Sources */,
				3F941B132818A01C00D9A8B2 /* Existing User VC.swift in Sources */,
				3FAC4A45283DA01200404C2E /* Profile VC.swift in Sources */,
				3F2EA19C290C8807006520A3 /* Constants.swift in Sources */,
			);
			runOnlyForDeploymentPostprocessing = 0;
		};
		3FFF6455280CAD0600030ABD /* Sources */ = {
			isa = PBXSourcesBuildPhase;
			buildActionMask = 2147483647;
			files = (
				3FFF645E280CAD0600030ABD /* PollinatorPathwayTests.swift in Sources */,
			);
			runOnlyForDeploymentPostprocessing = 0;
		};
		3FFF6460280CAD0600030ABD /* Sources */ = {
			isa = PBXSourcesBuildPhase;
			buildActionMask = 2147483647;
			files = (
				3FFF6469280CAD0600030ABD /* PollinatorPathwayUITests.swift in Sources */,
			);
			runOnlyForDeploymentPostprocessing = 0;
		};
/* End PBXSourcesBuildPhase section */

/* Begin PBXTargetDependency section */
		3FFF645B280CAD0600030ABD /* PBXTargetDependency */ = {
			isa = PBXTargetDependency;
			target = 3FFF6442280CAD0100030ABD /* PollinatorPathway */;
			targetProxy = 3FFF645A280CAD0600030ABD /* PBXContainerItemProxy */;
		};
		3FFF6466280CAD0600030ABD /* PBXTargetDependency */ = {
			isa = PBXTargetDependency;
			target = 3FFF6442280CAD0100030ABD /* PollinatorPathway */;
			targetProxy = 3FFF6465280CAD0600030ABD /* PBXContainerItemProxy */;
		};
/* End PBXTargetDependency section */

/* Begin PBXVariantGroup section */
		3FFF644C280CAD0100030ABD /* Main.storyboard */ = {
			isa = PBXVariantGroup;
			children = (
				3FFF644D280CAD0100030ABD /* Base */,
			);
			name = Main.storyboard;
			sourceTree = "<group>";
		};
		3FFF6451280CAD0500030ABD /* LaunchScreen.storyboard */ = {
			isa = PBXVariantGroup;
			children = (
				3FFF6452280CAD0500030ABD /* Base */,
			);
			name = LaunchScreen.storyboard;
			sourceTree = "<group>";
		};
/* End PBXVariantGroup section */

/* Begin XCBuildConfiguration section */
		3FFF646B280CAD0600030ABD /* Debug */ = {
			isa = XCBuildConfiguration;
			buildSettings = {
				ALWAYS_SEARCH_USER_PATHS = NO;
				CLANG_ANALYZER_NONNULL = YES;
				CLANG_ANALYZER_NUMBER_OBJECT_CONVERSION = YES_AGGRESSIVE;
				CLANG_CXX_LANGUAGE_STANDARD = "gnu++14";
				CLANG_CXX_LIBRARY = "libc++";
				CLANG_ENABLE_MODULES = YES;
				CLANG_ENABLE_OBJC_ARC = YES;
				CLANG_ENABLE_OBJC_WEAK = YES;
				CLANG_WARN_BLOCK_CAPTURE_AUTORELEASING = YES;
				CLANG_WARN_BOOL_CONVERSION = YES;
				CLANG_WARN_COMMA = YES;
				CLANG_WARN_CONSTANT_CONVERSION = YES;
				CLANG_WARN_DEPRECATED_OBJC_IMPLEMENTATIONS = YES;
				CLANG_WARN_DIRECT_OBJC_ISA_USAGE = YES_ERROR;
				CLANG_WARN_DOCUMENTATION_COMMENTS = YES;
				CLANG_WARN_EMPTY_BODY = YES;
				CLANG_WARN_ENUM_CONVERSION = YES;
				CLANG_WARN_INFINITE_RECURSION = YES;
				CLANG_WARN_INT_CONVERSION = YES;
				CLANG_WARN_NON_LITERAL_NULL_CONVERSION = YES;
				CLANG_WARN_OBJC_IMPLICIT_RETAIN_SELF = YES;
				CLANG_WARN_OBJC_LITERAL_CONVERSION = YES;
				CLANG_WARN_OBJC_ROOT_CLASS = YES_ERROR;
				CLANG_WARN_QUOTED_INCLUDE_IN_FRAMEWORK_HEADER = YES;
				CLANG_WARN_RANGE_LOOP_ANALYSIS = YES;
				CLANG_WARN_STRICT_PROTOTYPES = YES;
				CLANG_WARN_SUSPICIOUS_MOVE = YES;
				CLANG_WARN_UNGUARDED_AVAILABILITY = YES_AGGRESSIVE;
				CLANG_WARN_UNREACHABLE_CODE = YES;
				CLANG_WARN__DUPLICATE_METHOD_MATCH = YES;
				COPY_PHASE_STRIP = NO;
				DEBUG_INFORMATION_FORMAT = dwarf;
				ENABLE_STRICT_OBJC_MSGSEND = YES;
				ENABLE_TESTABILITY = YES;
				GCC_C_LANGUAGE_STANDARD = gnu11;
				GCC_DYNAMIC_NO_PIC = NO;
				GCC_NO_COMMON_BLOCKS = YES;
				GCC_OPTIMIZATION_LEVEL = 0;
				GCC_PREPROCESSOR_DEFINITIONS = (
					"DEBUG=1",
					"$(inherited)",
				);
				GCC_WARN_64_TO_32_BIT_CONVERSION = YES;
				GCC_WARN_ABOUT_RETURN_TYPE = YES_ERROR;
				GCC_WARN_UNDECLARED_SELECTOR = YES;
				GCC_WARN_UNINITIALIZED_AUTOS = YES_AGGRESSIVE;
				GCC_WARN_UNUSED_FUNCTION = YES;
				GCC_WARN_UNUSED_VARIABLE = YES;
				IPHONEOS_DEPLOYMENT_TARGET = 14.5;
				MTL_ENABLE_DEBUG_INFO = INCLUDE_SOURCE;
				MTL_FAST_MATH = YES;
				ONLY_ACTIVE_ARCH = YES;
				SDKROOT = iphoneos;
				SWIFT_ACTIVE_COMPILATION_CONDITIONS = DEBUG;
				SWIFT_OPTIMIZATION_LEVEL = "-Onone";
			};
			name = Debug;
		};
		3FFF646C280CAD0600030ABD /* Release */ = {
			isa = XCBuildConfiguration;
			buildSettings = {
				ALWAYS_SEARCH_USER_PATHS = NO;
				CLANG_ANALYZER_NONNULL = YES;
				CLANG_ANALYZER_NUMBER_OBJECT_CONVERSION = YES_AGGRESSIVE;
				CLANG_CXX_LANGUAGE_STANDARD = "gnu++14";
				CLANG_CXX_LIBRARY = "libc++";
				CLANG_ENABLE_MODULES = YES;
				CLANG_ENABLE_OBJC_ARC = YES;
				CLANG_ENABLE_OBJC_WEAK = YES;
				CLANG_WARN_BLOCK_CAPTURE_AUTORELEASING = YES;
				CLANG_WARN_BOOL_CONVERSION = YES;
				CLANG_WARN_COMMA = YES;
				CLANG_WARN_CONSTANT_CONVERSION = YES;
				CLANG_WARN_DEPRECATED_OBJC_IMPLEMENTATIONS = YES;
				CLANG_WARN_DIRECT_OBJC_ISA_USAGE = YES_ERROR;
				CLANG_WARN_DOCUMENTATION_COMMENTS = YES;
				CLANG_WARN_EMPTY_BODY = YES;
				CLANG_WARN_ENUM_CONVERSION = YES;
				CLANG_WARN_INFINITE_RECURSION = YES;
				CLANG_WARN_INT_CONVERSION = YES;
				CLANG_WARN_NON_LITERAL_NULL_CONVERSION = YES;
				CLANG_WARN_OBJC_IMPLICIT_RETAIN_SELF = YES;
				CLANG_WARN_OBJC_LITERAL_CONVERSION = YES;
				CLANG_WARN_OBJC_ROOT_CLASS = YES_ERROR;
				CLANG_WARN_QUOTED_INCLUDE_IN_FRAMEWORK_HEADER = YES;
				CLANG_WARN_RANGE_LOOP_ANALYSIS = YES;
				CLANG_WARN_STRICT_PROTOTYPES = YES;
				CLANG_WARN_SUSPICIOUS_MOVE = YES;
				CLANG_WARN_UNGUARDED_AVAILABILITY = YES_AGGRESSIVE;
				CLANG_WARN_UNREACHABLE_CODE = YES;
				CLANG_WARN__DUPLICATE_METHOD_MATCH = YES;
				COPY_PHASE_STRIP = NO;
				DEBUG_INFORMATION_FORMAT = "dwarf-with-dsym";
				ENABLE_NS_ASSERTIONS = NO;
				ENABLE_STRICT_OBJC_MSGSEND = YES;
				GCC_C_LANGUAGE_STANDARD = gnu11;
				GCC_NO_COMMON_BLOCKS = YES;
				GCC_WARN_64_TO_32_BIT_CONVERSION = YES;
				GCC_WARN_ABOUT_RETURN_TYPE = YES_ERROR;
				GCC_WARN_UNDECLARED_SELECTOR = YES;
				GCC_WARN_UNINITIALIZED_AUTOS = YES_AGGRESSIVE;
				GCC_WARN_UNUSED_FUNCTION = YES;
				GCC_WARN_UNUSED_VARIABLE = YES;
				IPHONEOS_DEPLOYMENT_TARGET = 14.5;
				MTL_ENABLE_DEBUG_INFO = NO;
				MTL_FAST_MATH = YES;
				SDKROOT = iphoneos;
				SWIFT_COMPILATION_MODE = wholemodule;
				SWIFT_OPTIMIZATION_LEVEL = "-O";
				VALIDATE_PRODUCT = YES;
			};
			name = Release;
		};
		3FFF646E280CAD0600030ABD /* Debug */ = {
			isa = XCBuildConfiguration;
			buildSettings = {
				ASSETCATALOG_COMPILER_APPICON_NAME = AppIcon;
				ASSETCATALOG_COMPILER_GLOBAL_ACCENT_COLOR_NAME = AccentColor;
				CODE_SIGN_STYLE = Automatic;
				DEVELOPMENT_TEAM = "";
				INFOPLIST_FILE = PollinatorPathway/Info.plist;
				LD_RUNPATH_SEARCH_PATHS = (
					"$(inherited)",
					"@executable_path/Frameworks",
				);
				PRODUCT_BUNDLE_IDENTIFIER = cascadia.PollinatorPathway;
				PRODUCT_NAME = "$(TARGET_NAME)";
				SWIFT_VERSION = 5.0;
				TARGETED_DEVICE_FAMILY = "1,2";
			};
			name = Debug;
		};
		3FFF646F280CAD0600030ABD /* Release */ = {
			isa = XCBuildConfiguration;
			buildSettings = {
				ASSETCATALOG_COMPILER_APPICON_NAME = AppIcon;
				ASSETCATALOG_COMPILER_GLOBAL_ACCENT_COLOR_NAME = AccentColor;
				CODE_SIGN_STYLE = Automatic;
				DEVELOPMENT_TEAM = "";
				INFOPLIST_FILE = PollinatorPathway/Info.plist;
				LD_RUNPATH_SEARCH_PATHS = (
					"$(inherited)",
					"@executable_path/Frameworks",
				);
				PRODUCT_BUNDLE_IDENTIFIER = cascadia.PollinatorPathway;
				PRODUCT_NAME = "$(TARGET_NAME)";
				SWIFT_VERSION = 5.0;
				TARGETED_DEVICE_FAMILY = "1,2";
			};
			name = Release;
		};
		3FFF6471280CAD0600030ABD /* Debug */ = {
			isa = XCBuildConfiguration;
			buildSettings = {
				ALWAYS_EMBED_SWIFT_STANDARD_LIBRARIES = YES;
				BUNDLE_LOADER = "$(TEST_HOST)";
				CODE_SIGN_STYLE = Automatic;
				INFOPLIST_FILE = PollinatorPathwayTests/Info.plist;
				IPHONEOS_DEPLOYMENT_TARGET = 14.5;
				LD_RUNPATH_SEARCH_PATHS = (
					"$(inherited)",
					"@executable_path/Frameworks",
					"@loader_path/Frameworks",
				);
				PRODUCT_BUNDLE_IDENTIFIER = cascadia.PollinatorPathwayTests;
				PRODUCT_NAME = "$(TARGET_NAME)";
				SWIFT_VERSION = 5.0;
				TARGETED_DEVICE_FAMILY = "1,2";
				TEST_HOST = "$(BUILT_PRODUCTS_DIR)/PollinatorPathway.app/PollinatorPathway";
			};
			name = Debug;
		};
		3FFF6472280CAD0600030ABD /* Release */ = {
			isa = XCBuildConfiguration;
			buildSettings = {
				ALWAYS_EMBED_SWIFT_STANDARD_LIBRARIES = YES;
				BUNDLE_LOADER = "$(TEST_HOST)";
				CODE_SIGN_STYLE = Automatic;
				INFOPLIST_FILE = PollinatorPathwayTests/Info.plist;
				IPHONEOS_DEPLOYMENT_TARGET = 14.5;
				LD_RUNPATH_SEARCH_PATHS = (
					"$(inherited)",
					"@executable_path/Frameworks",
					"@loader_path/Frameworks",
				);
				PRODUCT_BUNDLE_IDENTIFIER = cascadia.PollinatorPathwayTests;
				PRODUCT_NAME = "$(TARGET_NAME)";
				SWIFT_VERSION = 5.0;
				TARGETED_DEVICE_FAMILY = "1,2";
				TEST_HOST = "$(BUILT_PRODUCTS_DIR)/PollinatorPathway.app/PollinatorPathway";
			};
			name = Release;
		};
		3FFF6474280CAD0600030ABD /* Debug */ = {
			isa = XCBuildConfiguration;
			buildSettings = {
				ALWAYS_EMBED_SWIFT_STANDARD_LIBRARIES = YES;
				CODE_SIGN_STYLE = Automatic;
				INFOPLIST_FILE = PollinatorPathwayUITests/Info.plist;
				LD_RUNPATH_SEARCH_PATHS = (
					"$(inherited)",
					"@executable_path/Frameworks",
					"@loader_path/Frameworks",
				);
				PRODUCT_BUNDLE_IDENTIFIER = cascadia.PollinatorPathwayUITests;
				PRODUCT_NAME = "$(TARGET_NAME)";
				SWIFT_VERSION = 5.0;
				TARGETED_DEVICE_FAMILY = "1,2";
				TEST_TARGET_NAME = PollinatorPathway;
			};
			name = Debug;
		};
		3FFF6475280CAD0600030ABD /* Release */ = {
			isa = XCBuildConfiguration;
			buildSettings = {
				ALWAYS_EMBED_SWIFT_STANDARD_LIBRARIES = YES;
				CODE_SIGN_STYLE = Automatic;
				INFOPLIST_FILE = PollinatorPathwayUITests/Info.plist;
				LD_RUNPATH_SEARCH_PATHS = (
					"$(inherited)",
					"@executable_path/Frameworks",
					"@loader_path/Frameworks",
				);
				PRODUCT_BUNDLE_IDENTIFIER = cascadia.PollinatorPathwayUITests;
				PRODUCT_NAME = "$(TARGET_NAME)";
				SWIFT_VERSION = 5.0;
				TARGETED_DEVICE_FAMILY = "1,2";
				TEST_TARGET_NAME = PollinatorPathway;
			};
			name = Release;
		};
/* End XCBuildConfiguration section */

/* Begin XCConfigurationList section */
		3FFF643E280CAD0100030ABD /* Build configuration list for PBXProject "PollinatorPathway" */ = {
			isa = XCConfigurationList;
			buildConfigurations = (
				3FFF646B280CAD0600030ABD /* Debug */,
				3FFF646C280CAD0600030ABD /* Release */,
			);
			defaultConfigurationIsVisible = 0;
			defaultConfigurationName = Release;
		};
		3FFF646D280CAD0600030ABD /* Build configuration list for PBXNativeTarget "PollinatorPathway" */ = {
			isa = XCConfigurationList;
			buildConfigurations = (
				3FFF646E280CAD0600030ABD /* Debug */,
				3FFF646F280CAD0600030ABD /* Release */,
			);
			defaultConfigurationIsVisible = 0;
			defaultConfigurationName = Release;
		};
		3FFF6470280CAD0600030ABD /* Build configuration list for PBXNativeTarget "PollinatorPathwayTests" */ = {
			isa = XCConfigurationList;
			buildConfigurations = (
				3FFF6471280CAD0600030ABD /* Debug */,
				3FFF6472280CAD0600030ABD /* Release */,
			);
			defaultConfigurationIsVisible = 0;
			defaultConfigurationName = Release;
		};
		3FFF6473280CAD0600030ABD /* Build configuration list for PBXNativeTarget "PollinatorPathwayUITests" */ = {
			isa = XCConfigurationList;
			buildConfigurations = (
				3FFF6474280CAD0600030ABD /* Debug */,
				3FFF6475280CAD0600030ABD /* Release */,
			);
			defaultConfigurationIsVisible = 0;
			defaultConfigurationName = Release;
		};
/* End XCConfigurationList section */

/* Begin XCRemoteSwiftPackageReference section */
		3F2EA164290C75E2006520A3 /* XCRemoteSwiftPackageReference "firebase-ios-sdk" */ = {
			isa = XCRemoteSwiftPackageReference;
			repositoryURL = "https://github.com/firebase/firebase-ios-sdk";
			requirement = {
				kind = upToNextMajorVersion;
				minimumVersion = 9.0.0;
			};
		};
/* End XCRemoteSwiftPackageReference section */

/* Begin XCSwiftPackageProductDependency section */
		3F2EA165290C75E2006520A3 /* FirebaseAnalytics */ = {
			isa = XCSwiftPackageProductDependency;
			package = 3F2EA164290C75E2006520A3 /* XCRemoteSwiftPackageReference "firebase-ios-sdk" */;
			productName = FirebaseAnalytics;
		};
		3F2EA167290C75E2006520A3 /* FirebaseAnalyticsOnDeviceConversion */ = {
			isa = XCSwiftPackageProductDependency;
			package = 3F2EA164290C75E2006520A3 /* XCRemoteSwiftPackageReference "firebase-ios-sdk" */;
			productName = FirebaseAnalyticsOnDeviceConversion;
		};
		3F2EA169290C75E2006520A3 /* FirebaseAnalyticsSwift */ = {
			isa = XCSwiftPackageProductDependency;
			package = 3F2EA164290C75E2006520A3 /* XCRemoteSwiftPackageReference "firebase-ios-sdk" */;
			productName = FirebaseAnalyticsSwift;
		};
		3F2EA16B290C75E2006520A3 /* FirebaseAnalyticsWithoutAdIdSupport */ = {
			isa = XCSwiftPackageProductDependency;
			package = 3F2EA164290C75E2006520A3 /* XCRemoteSwiftPackageReference "firebase-ios-sdk" */;
			productName = FirebaseAnalyticsWithoutAdIdSupport;
		};
		3F2EA16D290C75E2006520A3 /* FirebaseAppCheck */ = {
			isa = XCSwiftPackageProductDependency;
			package = 3F2EA164290C75E2006520A3 /* XCRemoteSwiftPackageReference "firebase-ios-sdk" */;
			productName = FirebaseAppCheck;
		};
		3F2EA16F290C75E2006520A3 /* FirebaseAppDistribution-Beta */ = {
			isa = XCSwiftPackageProductDependency;
			package = 3F2EA164290C75E2006520A3 /* XCRemoteSwiftPackageReference "firebase-ios-sdk" */;
			productName = "FirebaseAppDistribution-Beta";
		};
		3F2EA171290C75E2006520A3 /* FirebaseAuth */ = {
			isa = XCSwiftPackageProductDependency;
			package = 3F2EA164290C75E2006520A3 /* XCRemoteSwiftPackageReference "firebase-ios-sdk" */;
			productName = FirebaseAuth;
		};
		3F2EA173290C75E2006520A3 /* FirebaseAuthCombine-Community */ = {
			isa = XCSwiftPackageProductDependency;
			package = 3F2EA164290C75E2006520A3 /* XCRemoteSwiftPackageReference "firebase-ios-sdk" */;
			productName = "FirebaseAuthCombine-Community";
		};
		3F2EA175290C75E2006520A3 /* FirebaseCrashlytics */ = {
			isa = XCSwiftPackageProductDependency;
			package = 3F2EA164290C75E2006520A3 /* XCRemoteSwiftPackageReference "firebase-ios-sdk" */;
			productName = FirebaseCrashlytics;
		};
		3F2EA177290C75E2006520A3 /* FirebaseDatabase */ = {
			isa = XCSwiftPackageProductDependency;
			package = 3F2EA164290C75E2006520A3 /* XCRemoteSwiftPackageReference "firebase-ios-sdk" */;
			productName = FirebaseDatabase;
		};
		3F2EA179290C75E2006520A3 /* FirebaseDatabaseSwift */ = {
			isa = XCSwiftPackageProductDependency;
			package = 3F2EA164290C75E2006520A3 /* XCRemoteSwiftPackageReference "firebase-ios-sdk" */;
			productName = FirebaseDatabaseSwift;
		};
		3F2EA17B290C75E2006520A3 /* FirebaseDynamicLinks */ = {
			isa = XCSwiftPackageProductDependency;
			package = 3F2EA164290C75E2006520A3 /* XCRemoteSwiftPackageReference "firebase-ios-sdk" */;
			productName = FirebaseDynamicLinks;
		};
		3F2EA17D290C75E2006520A3 /* FirebaseFirestore */ = {
			isa = XCSwiftPackageProductDependency;
			package = 3F2EA164290C75E2006520A3 /* XCRemoteSwiftPackageReference "firebase-ios-sdk" */;
			productName = FirebaseFirestore;
		};
		3F2EA17F290C75E2006520A3 /* FirebaseFirestoreCombine-Community */ = {
			isa = XCSwiftPackageProductDependency;
			package = 3F2EA164290C75E2006520A3 /* XCRemoteSwiftPackageReference "firebase-ios-sdk" */;
			productName = "FirebaseFirestoreCombine-Community";
		};
		3F2EA181290C75E2006520A3 /* FirebaseFirestoreSwift */ = {
			isa = XCSwiftPackageProductDependency;
			package = 3F2EA164290C75E2006520A3 /* XCRemoteSwiftPackageReference "firebase-ios-sdk" */;
			productName = FirebaseFirestoreSwift;
		};
		3F2EA183290C75E2006520A3 /* FirebaseFunctions */ = {
			isa = XCSwiftPackageProductDependency;
			package = 3F2EA164290C75E2006520A3 /* XCRemoteSwiftPackageReference "firebase-ios-sdk" */;
			productName = FirebaseFunctions;
		};
		3F2EA185290C75E2006520A3 /* FirebaseFunctionsCombine-Community */ = {
			isa = XCSwiftPackageProductDependency;
			package = 3F2EA164290C75E2006520A3 /* XCRemoteSwiftPackageReference "firebase-ios-sdk" */;
			productName = "FirebaseFunctionsCombine-Community";
		};
		3F2EA187290C75E2006520A3 /* FirebaseInAppMessaging-Beta */ = {
			isa = XCSwiftPackageProductDependency;
			package = 3F2EA164290C75E2006520A3 /* XCRemoteSwiftPackageReference "firebase-ios-sdk" */;
			productName = "FirebaseInAppMessaging-Beta";
		};
		3F2EA189290C75E2006520A3 /* FirebaseInAppMessagingSwift-Beta */ = {
			isa = XCSwiftPackageProductDependency;
			package = 3F2EA164290C75E2006520A3 /* XCRemoteSwiftPackageReference "firebase-ios-sdk" */;
			productName = "FirebaseInAppMessagingSwift-Beta";
		};
		3F2EA18B290C75E2006520A3 /* FirebaseInstallations */ = {
			isa = XCSwiftPackageProductDependency;
			package = 3F2EA164290C75E2006520A3 /* XCRemoteSwiftPackageReference "firebase-ios-sdk" */;
			productName = FirebaseInstallations;
		};
		3F2EA18D290C75E2006520A3 /* FirebaseMLModelDownloader */ = {
			isa = XCSwiftPackageProductDependency;
			package = 3F2EA164290C75E2006520A3 /* XCRemoteSwiftPackageReference "firebase-ios-sdk" */;
			productName = FirebaseMLModelDownloader;
		};
		3F2EA18F290C75E2006520A3 /* FirebaseMessaging */ = {
			isa = XCSwiftPackageProductDependency;
			package = 3F2EA164290C75E2006520A3 /* XCRemoteSwiftPackageReference "firebase-ios-sdk" */;
			productName = FirebaseMessaging;
		};
		3F2EA191290C75E2006520A3 /* FirebasePerformance */ = {
			isa = XCSwiftPackageProductDependency;
			package = 3F2EA164290C75E2006520A3 /* XCRemoteSwiftPackageReference "firebase-ios-sdk" */;
			productName = FirebasePerformance;
		};
		3F2EA193290C75E2006520A3 /* FirebaseRemoteConfig */ = {
			isa = XCSwiftPackageProductDependency;
			package = 3F2EA164290C75E2006520A3 /* XCRemoteSwiftPackageReference "firebase-ios-sdk" */;
			productName = FirebaseRemoteConfig;
		};
		3F2EA195290C75E2006520A3 /* FirebaseRemoteConfigSwift */ = {
			isa = XCSwiftPackageProductDependency;
			package = 3F2EA164290C75E2006520A3 /* XCRemoteSwiftPackageReference "firebase-ios-sdk" */;
			productName = FirebaseRemoteConfigSwift;
		};
		3F2EA197290C75E2006520A3 /* FirebaseStorage */ = {
			isa = XCSwiftPackageProductDependency;
			package = 3F2EA164290C75E2006520A3 /* XCRemoteSwiftPackageReference "firebase-ios-sdk" */;
			productName = FirebaseStorage;
		};
		3F2EA199290C75E2006520A3 /* FirebaseStorageCombine-Community */ = {
			isa = XCSwiftPackageProductDependency;
			package = 3F2EA164290C75E2006520A3 /* XCRemoteSwiftPackageReference "firebase-ios-sdk" */;
			productName = "FirebaseStorageCombine-Community";
		};
/* End XCSwiftPackageProductDependency section */
	};
	rootObject = 3FFF643B280CAD0100030ABD /* Project object */;
}
