// !$*UTF8*$!
{
	archiveVersion = 1;
	classes = {
	};
	objectVersion = 52;
	objects = {

/* Begin PBXBuildFile section */
		3F941B112818A00000D9A8B2 /* New User Setup VC.swift in Sources */ = {isa = PBXBuildFile; fileRef = 3F941B102818A00000D9A8B2 /* New User Setup VC.swift */; };
		3F941B132818A01C00D9A8B2 /* Existing User VC.swift in Sources */ = {isa = PBXBuildFile; fileRef = 3F941B122818A01C00D9A8B2 /* Existing User VC.swift */; };
		3F941B152818A02D00D9A8B2 /* Live Map VC.swift in Sources */ = {isa = PBXBuildFile; fileRef = 3F941B142818A02D00D9A8B2 /* Live Map VC.swift */; };
		3FD259DB2836E5BC00DAFCD1 /* FirebaseAnalytics in Frameworks */ = {isa = PBXBuildFile; productRef = 3FD259DA2836E5BC00DAFCD1 /* FirebaseAnalytics */; };
		3FD259DD2836E5BC00DAFCD1 /* FirebaseAnalyticsOnDeviceConversion in Frameworks */ = {isa = PBXBuildFile; productRef = 3FD259DC2836E5BC00DAFCD1 /* FirebaseAnalyticsOnDeviceConversion */; };
		3FD259DF2836E5BC00DAFCD1 /* FirebaseAnalyticsSwift in Frameworks */ = {isa = PBXBuildFile; productRef = 3FD259DE2836E5BC00DAFCD1 /* FirebaseAnalyticsSwift */; };
		3FD259E12836E5BC00DAFCD1 /* FirebaseAnalyticsWithoutAdIdSupport in Frameworks */ = {isa = PBXBuildFile; productRef = 3FD259E02836E5BC00DAFCD1 /* FirebaseAnalyticsWithoutAdIdSupport */; };
		3FD259E32836E5BC00DAFCD1 /* FirebaseAppCheck in Frameworks */ = {isa = PBXBuildFile; productRef = 3FD259E22836E5BC00DAFCD1 /* FirebaseAppCheck */; };
		3FD259E52836E5BC00DAFCD1 /* FirebaseAppDistribution-Beta in Frameworks */ = {isa = PBXBuildFile; productRef = 3FD259E42836E5BC00DAFCD1 /* FirebaseAppDistribution-Beta */; };
		3FD259E72836E5BC00DAFCD1 /* FirebaseAuth in Frameworks */ = {isa = PBXBuildFile; productRef = 3FD259E62836E5BC00DAFCD1 /* FirebaseAuth */; };
		3FD259E92836E5BC00DAFCD1 /* FirebaseAuthCombine-Community in Frameworks */ = {isa = PBXBuildFile; productRef = 3FD259E82836E5BC00DAFCD1 /* FirebaseAuthCombine-Community */; };
		3FD259EB2836E5BC00DAFCD1 /* FirebaseCrashlytics in Frameworks */ = {isa = PBXBuildFile; productRef = 3FD259EA2836E5BC00DAFCD1 /* FirebaseCrashlytics */; };
		3FD259ED2836E5BC00DAFCD1 /* FirebaseDatabase in Frameworks */ = {isa = PBXBuildFile; productRef = 3FD259EC2836E5BC00DAFCD1 /* FirebaseDatabase */; };
		3FD259EF2836E5BC00DAFCD1 /* FirebaseDatabaseSwift in Frameworks */ = {isa = PBXBuildFile; productRef = 3FD259EE2836E5BC00DAFCD1 /* FirebaseDatabaseSwift */; };
		3FD259F12836E5BC00DAFCD1 /* FirebaseDynamicLinks in Frameworks */ = {isa = PBXBuildFile; productRef = 3FD259F02836E5BC00DAFCD1 /* FirebaseDynamicLinks */; };
		3FD259F32836E5BC00DAFCD1 /* FirebaseFirestore in Frameworks */ = {isa = PBXBuildFile; productRef = 3FD259F22836E5BC00DAFCD1 /* FirebaseFirestore */; };
		3FD259F52836E5BC00DAFCD1 /* FirebaseFirestoreCombine-Community in Frameworks */ = {isa = PBXBuildFile; productRef = 3FD259F42836E5BC00DAFCD1 /* FirebaseFirestoreCombine-Community */; };
		3FD259F72836E5BC00DAFCD1 /* FirebaseFirestoreSwift in Frameworks */ = {isa = PBXBuildFile; productRef = 3FD259F62836E5BC00DAFCD1 /* FirebaseFirestoreSwift */; };
		3FD259F92836E5BC00DAFCD1 /* FirebaseFunctions in Frameworks */ = {isa = PBXBuildFile; productRef = 3FD259F82836E5BC00DAFCD1 /* FirebaseFunctions */; };
		3FD259FB2836E5BC00DAFCD1 /* FirebaseFunctionsCombine-Community in Frameworks */ = {isa = PBXBuildFile; productRef = 3FD259FA2836E5BC00DAFCD1 /* FirebaseFunctionsCombine-Community */; };
		3FD259FD2836E5BC00DAFCD1 /* FirebaseInAppMessaging-Beta in Frameworks */ = {isa = PBXBuildFile; productRef = 3FD259FC2836E5BC00DAFCD1 /* FirebaseInAppMessaging-Beta */; };
		3FD259FF2836E5BC00DAFCD1 /* FirebaseInAppMessagingSwift-Beta in Frameworks */ = {isa = PBXBuildFile; productRef = 3FD259FE2836E5BC00DAFCD1 /* FirebaseInAppMessagingSwift-Beta */; };
		3FD25A012836E5BC00DAFCD1 /* FirebaseInstallations in Frameworks */ = {isa = PBXBuildFile; productRef = 3FD25A002836E5BC00DAFCD1 /* FirebaseInstallations */; };
		3FD25A032836E5BC00DAFCD1 /* FirebaseMLModelDownloader in Frameworks */ = {isa = PBXBuildFile; productRef = 3FD25A022836E5BC00DAFCD1 /* FirebaseMLModelDownloader */; };
		3FD25A052836E5BC00DAFCD1 /* FirebaseMessaging in Frameworks */ = {isa = PBXBuildFile; productRef = 3FD25A042836E5BC00DAFCD1 /* FirebaseMessaging */; };
		3FD25A072836E5BC00DAFCD1 /* FirebasePerformance in Frameworks */ = {isa = PBXBuildFile; productRef = 3FD25A062836E5BC00DAFCD1 /* FirebasePerformance */; };
		3FD25A092836E5BC00DAFCD1 /* FirebaseRemoteConfig in Frameworks */ = {isa = PBXBuildFile; productRef = 3FD25A082836E5BC00DAFCD1 /* FirebaseRemoteConfig */; };
		3FD25A0B2836E5BC00DAFCD1 /* FirebaseRemoteConfigSwift in Frameworks */ = {isa = PBXBuildFile; productRef = 3FD25A0A2836E5BC00DAFCD1 /* FirebaseRemoteConfigSwift */; };
		3FD25A0D2836E5BC00DAFCD1 /* FirebaseStorage in Frameworks */ = {isa = PBXBuildFile; productRef = 3FD25A0C2836E5BC00DAFCD1 /* FirebaseStorage */; };
		3FD25A0F2836E5BC00DAFCD1 /* FirebaseStorageCombine-Community in Frameworks */ = {isa = PBXBuildFile; productRef = 3FD25A0E2836E5BC00DAFCD1 /* FirebaseStorageCombine-Community */; };
		3FFF6447280CAD0100030ABD /* AppDelegate.swift in Sources */ = {isa = PBXBuildFile; fileRef = 3FFF6446280CAD0100030ABD /* AppDelegate.swift */; };
		3FFF6449280CAD0100030ABD /* SceneDelegate.swift in Sources */ = {isa = PBXBuildFile; fileRef = 3FFF6448280CAD0100030ABD /* SceneDelegate.swift */; };
		3FFF644E280CAD0100030ABD /* Main.storyboard in Resources */ = {isa = PBXBuildFile; fileRef = 3FFF644C280CAD0100030ABD /* Main.storyboard */; };
		3FFF6450280CAD0500030ABD /* Assets.xcassets in Resources */ = {isa = PBXBuildFile; fileRef = 3FFF644F280CAD0500030ABD /* Assets.xcassets */; };
		3FFF6453280CAD0500030ABD /* LaunchScreen.storyboard in Resources */ = {isa = PBXBuildFile; fileRef = 3FFF6451280CAD0500030ABD /* LaunchScreen.storyboard */; };
		3FFF645E280CAD0600030ABD /* PollinatorPathwayTests.swift in Sources */ = {isa = PBXBuildFile; fileRef = 3FFF645D280CAD0600030ABD /* PollinatorPathwayTests.swift */; };
		3FFF6469280CAD0600030ABD /* PollinatorPathwayUITests.swift in Sources */ = {isa = PBXBuildFile; fileRef = 3FFF6468280CAD0600030ABD /* PollinatorPathwayUITests.swift */; };
/* End PBXBuildFile section */

/* Begin PBXContainerItemProxy section */
		3FFF645A280CAD0600030ABD /* PBXContainerItemProxy */ = {
			isa = PBXContainerItemProxy;
			containerPortal = 3FFF643B280CAD0100030ABD /* Project object */;
			proxyType = 1;
			remoteGlobalIDString = 3FFF6442280CAD0100030ABD;
			remoteInfo = PollinatorPathway;
		};
		3FFF6465280CAD0600030ABD /* PBXContainerItemProxy */ = {
			isa = PBXContainerItemProxy;
			containerPortal = 3FFF643B280CAD0100030ABD /* Project object */;
			proxyType = 1;
			remoteGlobalIDString = 3FFF6442280CAD0100030ABD;
			remoteInfo = PollinatorPathway;
		};
/* End PBXContainerItemProxy section */

/* Begin PBXFileReference section */
		3F941B102818A00000D9A8B2 /* New User Setup VC.swift */ = {isa = PBXFileReference; lastKnownFileType = sourcecode.swift; path = "New User Setup VC.swift"; sourceTree = "<group>"; };
		3F941B122818A01C00D9A8B2 /* Existing User VC.swift */ = {isa = PBXFileReference; lastKnownFileType = sourcecode.swift; path = "Existing User VC.swift"; sourceTree = "<group>"; };
		3F941B142818A02D00D9A8B2 /* Live Map VC.swift */ = {isa = PBXFileReference; lastKnownFileType = sourcecode.swift; path = "Live Map VC.swift"; sourceTree = "<group>"; };
		3FFF6443280CAD0100030ABD /* PollinatorPathway.app */ = {isa = PBXFileReference; explicitFileType = wrapper.application; includeInIndex = 0; path = PollinatorPathway.app; sourceTree = BUILT_PRODUCTS_DIR; };
		3FFF6446280CAD0100030ABD /* AppDelegate.swift */ = {isa = PBXFileReference; lastKnownFileType = sourcecode.swift; path = AppDelegate.swift; sourceTree = "<group>"; };
		3FFF6448280CAD0100030ABD /* SceneDelegate.swift */ = {isa = PBXFileReference; lastKnownFileType = sourcecode.swift; path = SceneDelegate.swift; sourceTree = "<group>"; };
		3FFF644D280CAD0100030ABD /* Base */ = {isa = PBXFileReference; lastKnownFileType = file.storyboard; name = Base; path = Base.lproj/Main.storyboard; sourceTree = "<group>"; };
		3FFF644F280CAD0500030ABD /* Assets.xcassets */ = {isa = PBXFileReference; lastKnownFileType = folder.assetcatalog; path = Assets.xcassets; sourceTree = "<group>"; };
		3FFF6452280CAD0500030ABD /* Base */ = {isa = PBXFileReference; lastKnownFileType = file.storyboard; name = Base; path = Base.lproj/LaunchScreen.storyboard; sourceTree = "<group>"; };
		3FFF6454280CAD0500030ABD /* Info.plist */ = {isa = PBXFileReference; lastKnownFileType = text.plist.xml; path = Info.plist; sourceTree = "<group>"; };
		3FFF6459280CAD0600030ABD /* PollinatorPathwayTests.xctest */ = {isa = PBXFileReference; explicitFileType = wrapper.cfbundle; includeInIndex = 0; path = PollinatorPathwayTests.xctest; sourceTree = BUILT_PRODUCTS_DIR; };
		3FFF645D280CAD0600030ABD /* PollinatorPathwayTests.swift */ = {isa = PBXFileReference; lastKnownFileType = sourcecode.swift; path = PollinatorPathwayTests.swift; sourceTree = "<group>"; };
		3FFF645F280CAD0600030ABD /* Info.plist */ = {isa = PBXFileReference; lastKnownFileType = text.plist.xml; path = Info.plist; sourceTree = "<group>"; };
		3FFF6464280CAD0600030ABD /* PollinatorPathwayUITests.xctest */ = {isa = PBXFileReference; explicitFileType = wrapper.cfbundle; includeInIndex = 0; path = PollinatorPathwayUITests.xctest; sourceTree = BUILT_PRODUCTS_DIR; };
		3FFF6468280CAD0600030ABD /* PollinatorPathwayUITests.swift */ = {isa = PBXFileReference; lastKnownFileType = sourcecode.swift; path = PollinatorPathwayUITests.swift; sourceTree = "<group>"; };
		3FFF646A280CAD0600030ABD /* Info.plist */ = {isa = PBXFileReference; lastKnownFileType = text.plist.xml; path = Info.plist; sourceTree = "<group>"; };
/* End PBXFileReference section */

/* Begin PBXFrameworksBuildPhase section */
		3FFF6440280CAD0100030ABD /* Frameworks */ = {
			isa = PBXFrameworksBuildPhase;
			buildActionMask = 2147483647;
			files = (
				3FD259ED2836E5BC00DAFCD1 /* FirebaseDatabase in Frameworks */,
				3FD259FB2836E5BC00DAFCD1 /* FirebaseFunctionsCombine-Community in Frameworks */,
				3FD259F32836E5BC00DAFCD1 /* FirebaseFirestore in Frameworks */,
				3FD259DF2836E5BC00DAFCD1 /* FirebaseAnalyticsSwift in Frameworks */,
				3FD259DB2836E5BC00DAFCD1 /* FirebaseAnalytics in Frameworks */,
				3FD259DD2836E5BC00DAFCD1 /* FirebaseAnalyticsOnDeviceConversion in Frameworks */,
				3FD25A032836E5BC00DAFCD1 /* FirebaseMLModelDownloader in Frameworks */,
				3FD259F72836E5BC00DAFCD1 /* FirebaseFirestoreSwift in Frameworks */,
				3FD259E32836E5BC00DAFCD1 /* FirebaseAppCheck in Frameworks */,
				3FD259E12836E5BC00DAFCD1 /* FirebaseAnalyticsWithoutAdIdSupport in Frameworks */,
				3FD259E72836E5BC00DAFCD1 /* FirebaseAuth in Frameworks */,
				3FD259EB2836E5BC00DAFCD1 /* FirebaseCrashlytics in Frameworks */,
				3FD25A0B2836E5BC00DAFCD1 /* FirebaseRemoteConfigSwift in Frameworks */,
				3FD259FD2836E5BC00DAFCD1 /* FirebaseInAppMessaging-Beta in Frameworks */,
				3FD259EF2836E5BC00DAFCD1 /* FirebaseDatabaseSwift in Frameworks */,
				3FD259F92836E5BC00DAFCD1 /* FirebaseFunctions in Frameworks */,
				3FD25A0F2836E5BC00DAFCD1 /* FirebaseStorageCombine-Community in Frameworks */,
				3FD25A092836E5BC00DAFCD1 /* FirebaseRemoteConfig in Frameworks */,
				3FD259E52836E5BC00DAFCD1 /* FirebaseAppDistribution-Beta in Frameworks */,
				3FD259E92836E5BC00DAFCD1 /* FirebaseAuthCombine-Community in Frameworks */,
				3FD25A072836E5BC00DAFCD1 /* FirebasePerformance in Frameworks */,
				3FD259FF2836E5BC00DAFCD1 /* FirebaseInAppMessagingSwift-Beta in Frameworks */,
				3FD25A0D2836E5BC00DAFCD1 /* FirebaseStorage in Frameworks */,
				3FD259F12836E5BC00DAFCD1 /* FirebaseDynamicLinks in Frameworks */,
				3FD259F52836E5BC00DAFCD1 /* FirebaseFirestoreCombine-Community in Frameworks */,
				3FD25A052836E5BC00DAFCD1 /* FirebaseMessaging in Frameworks */,
				3FD25A012836E5BC00DAFCD1 /* FirebaseInstallations in Frameworks */,
			);
			runOnlyForDeploymentPostprocessing = 0;
		};
		3FFF6456280CAD0600030ABD /* Frameworks */ = {
			isa = PBXFrameworksBuildPhase;
			buildActionMask = 2147483647;
			files = (
			);
			runOnlyForDeploymentPostprocessing = 0;
		};
		3FFF6461280CAD0600030ABD /* Frameworks */ = {
			isa = PBXFrameworksBuildPhase;
			buildActionMask = 2147483647;
			files = (
			);
			runOnlyForDeploymentPostprocessing = 0;
		};
/* End PBXFrameworksBuildPhase section */

/* Begin PBXGroup section */
		3FFF643A280CAD0100030ABD = {
			isa = PBXGroup;
			children = (
				3FFF6445280CAD0100030ABD /* PollinatorPathway */,
				3FFF645C280CAD0600030ABD /* PollinatorPathwayTests */,
				3FFF6467280CAD0600030ABD /* PollinatorPathwayUITests */,
				3FFF6444280CAD0100030ABD /* Products */,
			);
			sourceTree = "<group>";
		};
		3FFF6444280CAD0100030ABD /* Products */ = {
			isa = PBXGroup;
			children = (
				3FFF6443280CAD0100030ABD /* PollinatorPathway.app */,
				3FFF6459280CAD0600030ABD /* PollinatorPathwayTests.xctest */,
				3FFF6464280CAD0600030ABD /* PollinatorPathwayUITests.xctest */,
			);
			name = Products;
			sourceTree = "<group>";
		};
		3FFF6445280CAD0100030ABD /* PollinatorPathway */ = {
			isa = PBXGroup;
			children = (
				3FFF6446280CAD0100030ABD /* AppDelegate.swift */,
				3FFF6448280CAD0100030ABD /* SceneDelegate.swift */,
				3FFF644C280CAD0100030ABD /* Main.storyboard */,
				3F941B102818A00000D9A8B2 /* New User Setup VC.swift */,
				3F941B122818A01C00D9A8B2 /* Existing User VC.swift */,
				3F941B142818A02D00D9A8B2 /* Live Map VC.swift */,
				3FFF644F280CAD0500030ABD /* Assets.xcassets */,
				3FFF6451280CAD0500030ABD /* LaunchScreen.storyboard */,
				3FFF6454280CAD0500030ABD /* Info.plist */,
			);
			path = PollinatorPathway;
			sourceTree = "<group>";
		};
		3FFF645C280CAD0600030ABD /* PollinatorPathwayTests */ = {
			isa = PBXGroup;
			children = (
				3FFF645D280CAD0600030ABD /* PollinatorPathwayTests.swift */,
				3FFF645F280CAD0600030ABD /* Info.plist */,
			);
			path = PollinatorPathwayTests;
			sourceTree = "<group>";
		};
		3FFF6467280CAD0600030ABD /* PollinatorPathwayUITests */ = {
			isa = PBXGroup;
			children = (
				3FFF6468280CAD0600030ABD /* PollinatorPathwayUITests.swift */,
				3FFF646A280CAD0600030ABD /* Info.plist */,
			);
			path = PollinatorPathwayUITests;
			sourceTree = "<group>";
		};
/* End PBXGroup section */

/* Begin PBXNativeTarget section */
		3FFF6442280CAD0100030ABD /* PollinatorPathway */ = {
			isa = PBXNativeTarget;
			buildConfigurationList = 3FFF646D280CAD0600030ABD /* Build configuration list for PBXNativeTarget "PollinatorPathway" */;
			buildPhases = (
				3FFF643F280CAD0100030ABD /* Sources */,
				3FFF6440280CAD0100030ABD /* Frameworks */,
				3FFF6441280CAD0100030ABD /* Resources */,
			);
			buildRules = (
			);
			dependencies = (
			);
			name = PollinatorPathway;
			packageProductDependencies = (
				3FD259DA2836E5BC00DAFCD1 /* FirebaseAnalytics */,
				3FD259DC2836E5BC00DAFCD1 /* FirebaseAnalyticsOnDeviceConversion */,
				3FD259DE2836E5BC00DAFCD1 /* FirebaseAnalyticsSwift */,
				3FD259E02836E5BC00DAFCD1 /* FirebaseAnalyticsWithoutAdIdSupport */,
				3FD259E22836E5BC00DAFCD1 /* FirebaseAppCheck */,
				3FD259E42836E5BC00DAFCD1 /* FirebaseAppDistribution-Beta */,
				3FD259E62836E5BC00DAFCD1 /* FirebaseAuth */,
				3FD259E82836E5BC00DAFCD1 /* FirebaseAuthCombine-Community */,
				3FD259EA2836E5BC00DAFCD1 /* FirebaseCrashlytics */,
				3FD259EC2836E5BC00DAFCD1 /* FirebaseDatabase */,
				3FD259EE2836E5BC00DAFCD1 /* FirebaseDatabaseSwift */,
				3FD259F02836E5BC00DAFCD1 /* FirebaseDynamicLinks */,
				3FD259F22836E5BC00DAFCD1 /* FirebaseFirestore */,
				3FD259F42836E5BC00DAFCD1 /* FirebaseFirestoreCombine-Community */,
				3FD259F62836E5BC00DAFCD1 /* FirebaseFirestoreSwift */,
				3FD259F82836E5BC00DAFCD1 /* FirebaseFunctions */,
				3FD259FA2836E5BC00DAFCD1 /* FirebaseFunctionsCombine-Community */,
				3FD259FC2836E5BC00DAFCD1 /* FirebaseInAppMessaging-Beta */,
				3FD259FE2836E5BC00DAFCD1 /* FirebaseInAppMessagingSwift-Beta */,
				3FD25A002836E5BC00DAFCD1 /* FirebaseInstallations */,
				3FD25A022836E5BC00DAFCD1 /* FirebaseMLModelDownloader */,
				3FD25A042836E5BC00DAFCD1 /* FirebaseMessaging */,
				3FD25A062836E5BC00DAFCD1 /* FirebasePerformance */,
				3FD25A082836E5BC00DAFCD1 /* FirebaseRemoteConfig */,
				3FD25A0A2836E5BC00DAFCD1 /* FirebaseRemoteConfigSwift */,
				3FD25A0C2836E5BC00DAFCD1 /* FirebaseStorage */,
				3FD25A0E2836E5BC00DAFCD1 /* FirebaseStorageCombine-Community */,
			);
			productName = PollinatorPathway;
			productReference = 3FFF6443280CAD0100030ABD /* PollinatorPathway.app */;
			productType = "com.apple.product-type.application";
		};
		3FFF6458280CAD0600030ABD /* PollinatorPathwayTests */ = {
			isa = PBXNativeTarget;
			buildConfigurationList = 3FFF6470280CAD0600030ABD /* Build configuration list for PBXNativeTarget "PollinatorPathwayTests" */;
			buildPhases = (
				3FFF6455280CAD0600030ABD /* Sources */,
				3FFF6456280CAD0600030ABD /* Frameworks */,
				3FFF6457280CAD0600030ABD /* Resources */,
			);
			buildRules = (
			);
			dependencies = (
				3FFF645B280CAD0600030ABD /* PBXTargetDependency */,
			);
			name = PollinatorPathwayTests;
			productName = PollinatorPathwayTests;
			productReference = 3FFF6459280CAD0600030ABD /* PollinatorPathwayTests.xctest */;
			productType = "com.apple.product-type.bundle.unit-test";
		};
		3FFF6463280CAD0600030ABD /* PollinatorPathwayUITests */ = {
			isa = PBXNativeTarget;
			buildConfigurationList = 3FFF6473280CAD0600030ABD /* Build configuration list for PBXNativeTarget "PollinatorPathwayUITests" */;
			buildPhases = (
				3FFF6460280CAD0600030ABD /* Sources */,
				3FFF6461280CAD0600030ABD /* Frameworks */,
				3FFF6462280CAD0600030ABD /* Resources */,
			);
			buildRules = (
			);
			dependencies = (
				3FFF6466280CAD0600030ABD /* PBXTargetDependency */,
			);
			name = PollinatorPathwayUITests;
			productName = PollinatorPathwayUITests;
			productReference = 3FFF6464280CAD0600030ABD /* PollinatorPathwayUITests.xctest */;
			productType = "com.apple.product-type.bundle.ui-testing";
		};
/* End PBXNativeTarget section */

/* Begin PBXProject section */
		3FFF643B280CAD0100030ABD /* Project object */ = {
			isa = PBXProject;
			attributes = {
				LastSwiftUpdateCheck = 1250;
				LastUpgradeCheck = 1250;
				TargetAttributes = {
					3FFF6442280CAD0100030ABD = {
						CreatedOnToolsVersion = 12.5.1;
					};
					3FFF6458280CAD0600030ABD = {
						CreatedOnToolsVersion = 12.5.1;
						TestTargetID = 3FFF6442280CAD0100030ABD;
					};
					3FFF6463280CAD0600030ABD = {
						CreatedOnToolsVersion = 12.5.1;
						TestTargetID = 3FFF6442280CAD0100030ABD;
					};
				};
			};
			buildConfigurationList = 3FFF643E280CAD0100030ABD /* Build configuration list for PBXProject "PollinatorPathway" */;
			compatibilityVersion = "Xcode 9.3";
			developmentRegion = en;
			hasScannedForEncodings = 0;
			knownRegions = (
				en,
				Base,
			);
			mainGroup = 3FFF643A280CAD0100030ABD;
			packageReferences = (
				3FD259D92836E5BC00DAFCD1 /* XCRemoteSwiftPackageReference "firebase-ios-sdk" */,
			);
			productRefGroup = 3FFF6444280CAD0100030ABD /* Products */;
			projectDirPath = "";
			projectRoot = "";
			targets = (
				3FFF6442280CAD0100030ABD /* PollinatorPathway */,
				3FFF6458280CAD0600030ABD /* PollinatorPathwayTests */,
				3FFF6463280CAD0600030ABD /* PollinatorPathwayUITests */,
			);
		};
/* End PBXProject section */

/* Begin PBXResourcesBuildPhase section */
		3FFF6441280CAD0100030ABD /* Resources */ = {
			isa = PBXResourcesBuildPhase;
			buildActionMask = 2147483647;
			files = (
				3FFF6453280CAD0500030ABD /* LaunchScreen.storyboard in Resources */,
				3FFF6450280CAD0500030ABD /* Assets.xcassets in Resources */,
				3FFF644E280CAD0100030ABD /* Main.storyboard in Resources */,
			);
			runOnlyForDeploymentPostprocessing = 0;
		};
		3FFF6457280CAD0600030ABD /* Resources */ = {
			isa = PBXResourcesBuildPhase;
			buildActionMask = 2147483647;
			files = (
			);
			runOnlyForDeploymentPostprocessing = 0;
		};
		3FFF6462280CAD0600030ABD /* Resources */ = {
			isa = PBXResourcesBuildPhase;
			buildActionMask = 2147483647;
			files = (
			);
			runOnlyForDeploymentPostprocessing = 0;
		};
/* End PBXResourcesBuildPhase section */

/* Begin PBXSourcesBuildPhase section */
		3FFF643F280CAD0100030ABD /* Sources */ = {
			isa = PBXSourcesBuildPhase;
			buildActionMask = 2147483647;
			files = (
				3F941B112818A00000D9A8B2 /* New User Setup VC.swift in Sources */,
				3FFF6447280CAD0100030ABD /* AppDelegate.swift in Sources */,
				3F941B152818A02D00D9A8B2 /* Live Map VC.swift in Sources */,
				3FFF6449280CAD0100030ABD /* SceneDelegate.swift in Sources */,
				3F941B132818A01C00D9A8B2 /* Existing User VC.swift in Sources */,
			);
			runOnlyForDeploymentPostprocessing = 0;
		};
		3FFF6455280CAD0600030ABD /* Sources */ = {
			isa = PBXSourcesBuildPhase;
			buildActionMask = 2147483647;
			files = (
				3FFF645E280CAD0600030ABD /* PollinatorPathwayTests.swift in Sources */,
			);
			runOnlyForDeploymentPostprocessing = 0;
		};
		3FFF6460280CAD0600030ABD /* Sources */ = {
			isa = PBXSourcesBuildPhase;
			buildActionMask = 2147483647;
			files = (
				3FFF6469280CAD0600030ABD /* PollinatorPathwayUITests.swift in Sources */,
			);
			runOnlyForDeploymentPostprocessing = 0;
		};
/* End PBXSourcesBuildPhase section */

/* Begin PBXTargetDependency section */
		3FFF645B280CAD0600030ABD /* PBXTargetDependency */ = {
			isa = PBXTargetDependency;
			target = 3FFF6442280CAD0100030ABD /* PollinatorPathway */;
			targetProxy = 3FFF645A280CAD0600030ABD /* PBXContainerItemProxy */;
		};
		3FFF6466280CAD0600030ABD /* PBXTargetDependency */ = {
			isa = PBXTargetDependency;
			target = 3FFF6442280CAD0100030ABD /* PollinatorPathway */;
			targetProxy = 3FFF6465280CAD0600030ABD /* PBXContainerItemProxy */;
		};
/* End PBXTargetDependency section */

/* Begin PBXVariantGroup section */
		3FFF644C280CAD0100030ABD /* Main.storyboard */ = {
			isa = PBXVariantGroup;
			children = (
				3FFF644D280CAD0100030ABD /* Base */,
			);
			name = Main.storyboard;
			sourceTree = "<group>";
		};
		3FFF6451280CAD0500030ABD /* LaunchScreen.storyboard */ = {
			isa = PBXVariantGroup;
			children = (
				3FFF6452280CAD0500030ABD /* Base */,
			);
			name = LaunchScreen.storyboard;
			sourceTree = "<group>";
		};
/* End PBXVariantGroup section */

/* Begin XCBuildConfiguration section */
		3FFF646B280CAD0600030ABD /* Debug */ = {
			isa = XCBuildConfiguration;
			buildSettings = {
				ALWAYS_SEARCH_USER_PATHS = NO;
				CLANG_ANALYZER_NONNULL = YES;
				CLANG_ANALYZER_NUMBER_OBJECT_CONVERSION = YES_AGGRESSIVE;
				CLANG_CXX_LANGUAGE_STANDARD = "gnu++14";
				CLANG_CXX_LIBRARY = "libc++";
				CLANG_ENABLE_MODULES = YES;
				CLANG_ENABLE_OBJC_ARC = YES;
				CLANG_ENABLE_OBJC_WEAK = YES;
				CLANG_WARN_BLOCK_CAPTURE_AUTORELEASING = YES;
				CLANG_WARN_BOOL_CONVERSION = YES;
				CLANG_WARN_COMMA = YES;
				CLANG_WARN_CONSTANT_CONVERSION = YES;
				CLANG_WARN_DEPRECATED_OBJC_IMPLEMENTATIONS = YES;
				CLANG_WARN_DIRECT_OBJC_ISA_USAGE = YES_ERROR;
				CLANG_WARN_DOCUMENTATION_COMMENTS = YES;
				CLANG_WARN_EMPTY_BODY = YES;
				CLANG_WARN_ENUM_CONVERSION = YES;
				CLANG_WARN_INFINITE_RECURSION = YES;
				CLANG_WARN_INT_CONVERSION = YES;
				CLANG_WARN_NON_LITERAL_NULL_CONVERSION = YES;
				CLANG_WARN_OBJC_IMPLICIT_RETAIN_SELF = YES;
				CLANG_WARN_OBJC_LITERAL_CONVERSION = YES;
				CLANG_WARN_OBJC_ROOT_CLASS = YES_ERROR;
				CLANG_WARN_QUOTED_INCLUDE_IN_FRAMEWORK_HEADER = YES;
				CLANG_WARN_RANGE_LOOP_ANALYSIS = YES;
				CLANG_WARN_STRICT_PROTOTYPES = YES;
				CLANG_WARN_SUSPICIOUS_MOVE = YES;
				CLANG_WARN_UNGUARDED_AVAILABILITY = YES_AGGRESSIVE;
				CLANG_WARN_UNREACHABLE_CODE = YES;
				CLANG_WARN__DUPLICATE_METHOD_MATCH = YES;
				COPY_PHASE_STRIP = NO;
				DEBUG_INFORMATION_FORMAT = dwarf;
				ENABLE_STRICT_OBJC_MSGSEND = YES;
				ENABLE_TESTABILITY = YES;
				GCC_C_LANGUAGE_STANDARD = gnu11;
				GCC_DYNAMIC_NO_PIC = NO;
				GCC_NO_COMMON_BLOCKS = YES;
				GCC_OPTIMIZATION_LEVEL = 0;
				GCC_PREPROCESSOR_DEFINITIONS = (
					"DEBUG=1",
					"$(inherited)",
				);
				GCC_WARN_64_TO_32_BIT_CONVERSION = YES;
				GCC_WARN_ABOUT_RETURN_TYPE = YES_ERROR;
				GCC_WARN_UNDECLARED_SELECTOR = YES;
				GCC_WARN_UNINITIALIZED_AUTOS = YES_AGGRESSIVE;
				GCC_WARN_UNUSED_FUNCTION = YES;
				GCC_WARN_UNUSED_VARIABLE = YES;
				IPHONEOS_DEPLOYMENT_TARGET = 14.5;
				MTL_ENABLE_DEBUG_INFO = INCLUDE_SOURCE;
				MTL_FAST_MATH = YES;
				ONLY_ACTIVE_ARCH = YES;
				SDKROOT = iphoneos;
				SWIFT_ACTIVE_COMPILATION_CONDITIONS = DEBUG;
				SWIFT_OPTIMIZATION_LEVEL = "-Onone";
			};
			name = Debug;
		};
		3FFF646C280CAD0600030ABD /* Release */ = {
			isa = XCBuildConfiguration;
			buildSettings = {
				ALWAYS_SEARCH_USER_PATHS = NO;
				CLANG_ANALYZER_NONNULL = YES;
				CLANG_ANALYZER_NUMBER_OBJECT_CONVERSION = YES_AGGRESSIVE;
				CLANG_CXX_LANGUAGE_STANDARD = "gnu++14";
				CLANG_CXX_LIBRARY = "libc++";
				CLANG_ENABLE_MODULES = YES;
				CLANG_ENABLE_OBJC_ARC = YES;
				CLANG_ENABLE_OBJC_WEAK = YES;
				CLANG_WARN_BLOCK_CAPTURE_AUTORELEASING = YES;
				CLANG_WARN_BOOL_CONVERSION = YES;
				CLANG_WARN_COMMA = YES;
				CLANG_WARN_CONSTANT_CONVERSION = YES;
				CLANG_WARN_DEPRECATED_OBJC_IMPLEMENTATIONS = YES;
				CLANG_WARN_DIRECT_OBJC_ISA_USAGE = YES_ERROR;
				CLANG_WARN_DOCUMENTATION_COMMENTS = YES;
				CLANG_WARN_EMPTY_BODY = YES;
				CLANG_WARN_ENUM_CONVERSION = YES;
				CLANG_WARN_INFINITE_RECURSION = YES;
				CLANG_WARN_INT_CONVERSION = YES;
				CLANG_WARN_NON_LITERAL_NULL_CONVERSION = YES;
				CLANG_WARN_OBJC_IMPLICIT_RETAIN_SELF = YES;
				CLANG_WARN_OBJC_LITERAL_CONVERSION = YES;
				CLANG_WARN_OBJC_ROOT_CLASS = YES_ERROR;
				CLANG_WARN_QUOTED_INCLUDE_IN_FRAMEWORK_HEADER = YES;
				CLANG_WARN_RANGE_LOOP_ANALYSIS = YES;
				CLANG_WARN_STRICT_PROTOTYPES = YES;
				CLANG_WARN_SUSPICIOUS_MOVE = YES;
				CLANG_WARN_UNGUARDED_AVAILABILITY = YES_AGGRESSIVE;
				CLANG_WARN_UNREACHABLE_CODE = YES;
				CLANG_WARN__DUPLICATE_METHOD_MATCH = YES;
				COPY_PHASE_STRIP = NO;
				DEBUG_INFORMATION_FORMAT = "dwarf-with-dsym";
				ENABLE_NS_ASSERTIONS = NO;
				ENABLE_STRICT_OBJC_MSGSEND = YES;
				GCC_C_LANGUAGE_STANDARD = gnu11;
				GCC_NO_COMMON_BLOCKS = YES;
				GCC_WARN_64_TO_32_BIT_CONVERSION = YES;
				GCC_WARN_ABOUT_RETURN_TYPE = YES_ERROR;
				GCC_WARN_UNDECLARED_SELECTOR = YES;
				GCC_WARN_UNINITIALIZED_AUTOS = YES_AGGRESSIVE;
				GCC_WARN_UNUSED_FUNCTION = YES;
				GCC_WARN_UNUSED_VARIABLE = YES;
				IPHONEOS_DEPLOYMENT_TARGET = 14.5;
				MTL_ENABLE_DEBUG_INFO = NO;
				MTL_FAST_MATH = YES;
				SDKROOT = iphoneos;
				SWIFT_COMPILATION_MODE = wholemodule;
				SWIFT_OPTIMIZATION_LEVEL = "-O";
				VALIDATE_PRODUCT = YES;
			};
			name = Release;
		};
		3FFF646E280CAD0600030ABD /* Debug */ = {
			isa = XCBuildConfiguration;
			buildSettings = {
				ASSETCATALOG_COMPILER_APPICON_NAME = AppIcon;
				ASSETCATALOG_COMPILER_GLOBAL_ACCENT_COLOR_NAME = AccentColor;
				CODE_SIGN_STYLE = Automatic;
				INFOPLIST_FILE = PollinatorPathway/Info.plist;
				LD_RUNPATH_SEARCH_PATHS = (
					"$(inherited)",
					"@executable_path/Frameworks",
				);
				PRODUCT_BUNDLE_IDENTIFIER = cascadia.PollinatorPathway;
				PRODUCT_NAME = "$(TARGET_NAME)";
				SWIFT_VERSION = 5.0;
				TARGETED_DEVICE_FAMILY = "1,2";
			};
			name = Debug;
		};
		3FFF646F280CAD0600030ABD /* Release */ = {
			isa = XCBuildConfiguration;
			buildSettings = {
				ASSETCATALOG_COMPILER_APPICON_NAME = AppIcon;
				ASSETCATALOG_COMPILER_GLOBAL_ACCENT_COLOR_NAME = AccentColor;
				CODE_SIGN_STYLE = Automatic;
				INFOPLIST_FILE = PollinatorPathway/Info.plist;
				LD_RUNPATH_SEARCH_PATHS = (
					"$(inherited)",
					"@executable_path/Frameworks",
				);
				PRODUCT_BUNDLE_IDENTIFIER = cascadia.PollinatorPathway;
				PRODUCT_NAME = "$(TARGET_NAME)";
				SWIFT_VERSION = 5.0;
				TARGETED_DEVICE_FAMILY = "1,2";
			};
			name = Release;
		};
		3FFF6471280CAD0600030ABD /* Debug */ = {
			isa = XCBuildConfiguration;
			buildSettings = {
				ALWAYS_EMBED_SWIFT_STANDARD_LIBRARIES = YES;
				BUNDLE_LOADER = "$(TEST_HOST)";
				CODE_SIGN_STYLE = Automatic;
				INFOPLIST_FILE = PollinatorPathwayTests/Info.plist;
				IPHONEOS_DEPLOYMENT_TARGET = 14.5;
				LD_RUNPATH_SEARCH_PATHS = (
					"$(inherited)",
					"@executable_path/Frameworks",
					"@loader_path/Frameworks",
				);
				PRODUCT_BUNDLE_IDENTIFIER = cascadia.PollinatorPathwayTests;
				PRODUCT_NAME = "$(TARGET_NAME)";
				SWIFT_VERSION = 5.0;
				TARGETED_DEVICE_FAMILY = "1,2";
				TEST_HOST = "$(BUILT_PRODUCTS_DIR)/PollinatorPathway.app/PollinatorPathway";
			};
			name = Debug;
		};
		3FFF6472280CAD0600030ABD /* Release */ = {
			isa = XCBuildConfiguration;
			buildSettings = {
				ALWAYS_EMBED_SWIFT_STANDARD_LIBRARIES = YES;
				BUNDLE_LOADER = "$(TEST_HOST)";
				CODE_SIGN_STYLE = Automatic;
				INFOPLIST_FILE = PollinatorPathwayTests/Info.plist;
				IPHONEOS_DEPLOYMENT_TARGET = 14.5;
				LD_RUNPATH_SEARCH_PATHS = (
					"$(inherited)",
					"@executable_path/Frameworks",
					"@loader_path/Frameworks",
				);
				PRODUCT_BUNDLE_IDENTIFIER = cascadia.PollinatorPathwayTests;
				PRODUCT_NAME = "$(TARGET_NAME)";
				SWIFT_VERSION = 5.0;
				TARGETED_DEVICE_FAMILY = "1,2";
				TEST_HOST = "$(BUILT_PRODUCTS_DIR)/PollinatorPathway.app/PollinatorPathway";
			};
			name = Release;
		};
		3FFF6474280CAD0600030ABD /* Debug */ = {
			isa = XCBuildConfiguration;
			buildSettings = {
				ALWAYS_EMBED_SWIFT_STANDARD_LIBRARIES = YES;
				CODE_SIGN_STYLE = Automatic;
				INFOPLIST_FILE = PollinatorPathwayUITests/Info.plist;
				LD_RUNPATH_SEARCH_PATHS = (
					"$(inherited)",
					"@executable_path/Frameworks",
					"@loader_path/Frameworks",
				);
				PRODUCT_BUNDLE_IDENTIFIER = cascadia.PollinatorPathwayUITests;
				PRODUCT_NAME = "$(TARGET_NAME)";
				SWIFT_VERSION = 5.0;
				TARGETED_DEVICE_FAMILY = "1,2";
				TEST_TARGET_NAME = PollinatorPathway;
			};
			name = Debug;
		};
		3FFF6475280CAD0600030ABD /* Release */ = {
			isa = XCBuildConfiguration;
			buildSettings = {
				ALWAYS_EMBED_SWIFT_STANDARD_LIBRARIES = YES;
				CODE_SIGN_STYLE = Automatic;
				INFOPLIST_FILE = PollinatorPathwayUITests/Info.plist;
				LD_RUNPATH_SEARCH_PATHS = (
					"$(inherited)",
					"@executable_path/Frameworks",
					"@loader_path/Frameworks",
				);
				PRODUCT_BUNDLE_IDENTIFIER = cascadia.PollinatorPathwayUITests;
				PRODUCT_NAME = "$(TARGET_NAME)";
				SWIFT_VERSION = 5.0;
				TARGETED_DEVICE_FAMILY = "1,2";
				TEST_TARGET_NAME = PollinatorPathway;
			};
			name = Release;
		};
/* End XCBuildConfiguration section */

/* Begin XCConfigurationList section */
		3FFF643E280CAD0100030ABD /* Build configuration list for PBXProject "PollinatorPathway" */ = {
			isa = XCConfigurationList;
			buildConfigurations = (
				3FFF646B280CAD0600030ABD /* Debug */,
				3FFF646C280CAD0600030ABD /* Release */,
			);
			defaultConfigurationIsVisible = 0;
			defaultConfigurationName = Release;
		};
		3FFF646D280CAD0600030ABD /* Build configuration list for PBXNativeTarget "PollinatorPathway" */ = {
			isa = XCConfigurationList;
			buildConfigurations = (
				3FFF646E280CAD0600030ABD /* Debug */,
				3FFF646F280CAD0600030ABD /* Release */,
			);
			defaultConfigurationIsVisible = 0;
			defaultConfigurationName = Release;
		};
		3FFF6470280CAD0600030ABD /* Build configuration list for PBXNativeTarget "PollinatorPathwayTests" */ = {
			isa = XCConfigurationList;
			buildConfigurations = (
				3FFF6471280CAD0600030ABD /* Debug */,
				3FFF6472280CAD0600030ABD /* Release */,
			);
			defaultConfigurationIsVisible = 0;
			defaultConfigurationName = Release;
		};
		3FFF6473280CAD0600030ABD /* Build configuration list for PBXNativeTarget "PollinatorPathwayUITests" */ = {
			isa = XCConfigurationList;
			buildConfigurations = (
				3FFF6474280CAD0600030ABD /* Debug */,
				3FFF6475280CAD0600030ABD /* Release */,
			);
			defaultConfigurationIsVisible = 0;
			defaultConfigurationName = Release;
		};
/* End XCConfigurationList section */

/* Begin XCRemoteSwiftPackageReference section */
		3FD259D92836E5BC00DAFCD1 /* XCRemoteSwiftPackageReference "firebase-ios-sdk" */ = {
			isa = XCRemoteSwiftPackageReference;
			repositoryURL = "https://github.com/firebase/firebase-ios-sdk";
			requirement = {
				kind = upToNextMajorVersion;
				minimumVersion = 9.0.0;
			};
		};
/* End XCRemoteSwiftPackageReference section */

/* Begin XCSwiftPackageProductDependency section */
		3FD259DA2836E5BC00DAFCD1 /* FirebaseAnalytics */ = {
			isa = XCSwiftPackageProductDependency;
			package = 3FD259D92836E5BC00DAFCD1 /* XCRemoteSwiftPackageReference "firebase-ios-sdk" */;
			productName = FirebaseAnalytics;
		};
		3FD259DC2836E5BC00DAFCD1 /* FirebaseAnalyticsOnDeviceConversion */ = {
			isa = XCSwiftPackageProductDependency;
			package = 3FD259D92836E5BC00DAFCD1 /* XCRemoteSwiftPackageReference "firebase-ios-sdk" */;
			productName = FirebaseAnalyticsOnDeviceConversion;
		};
		3FD259DE2836E5BC00DAFCD1 /* FirebaseAnalyticsSwift */ = {
			isa = XCSwiftPackageProductDependency;
			package = 3FD259D92836E5BC00DAFCD1 /* XCRemoteSwiftPackageReference "firebase-ios-sdk" */;
			productName = FirebaseAnalyticsSwift;
		};
		3FD259E02836E5BC00DAFCD1 /* FirebaseAnalyticsWithoutAdIdSupport */ = {
			isa = XCSwiftPackageProductDependency;
			package = 3FD259D92836E5BC00DAFCD1 /* XCRemoteSwiftPackageReference "firebase-ios-sdk" */;
			productName = FirebaseAnalyticsWithoutAdIdSupport;
		};
		3FD259E22836E5BC00DAFCD1 /* FirebaseAppCheck */ = {
			isa = XCSwiftPackageProductDependency;
			package = 3FD259D92836E5BC00DAFCD1 /* XCRemoteSwiftPackageReference "firebase-ios-sdk" */;
			productName = FirebaseAppCheck;
		};
		3FD259E42836E5BC00DAFCD1 /* FirebaseAppDistribution-Beta */ = {
			isa = XCSwiftPackageProductDependency;
			package = 3FD259D92836E5BC00DAFCD1 /* XCRemoteSwiftPackageReference "firebase-ios-sdk" */;
			productName = "FirebaseAppDistribution-Beta";
		};
		3FD259E62836E5BC00DAFCD1 /* FirebaseAuth */ = {
			isa = XCSwiftPackageProductDependency;
			package = 3FD259D92836E5BC00DAFCD1 /* XCRemoteSwiftPackageReference "firebase-ios-sdk" */;
			productName = FirebaseAuth;
		};
		3FD259E82836E5BC00DAFCD1 /* FirebaseAuthCombine-Community */ = {
			isa = XCSwiftPackageProductDependency;
			package = 3FD259D92836E5BC00DAFCD1 /* XCRemoteSwiftPackageReference "firebase-ios-sdk" */;
			productName = "FirebaseAuthCombine-Community";
		};
		3FD259EA2836E5BC00DAFCD1 /* FirebaseCrashlytics */ = {
			isa = XCSwiftPackageProductDependency;
			package = 3FD259D92836E5BC00DAFCD1 /* XCRemoteSwiftPackageReference "firebase-ios-sdk" */;
			productName = FirebaseCrashlytics;
		};
		3FD259EC2836E5BC00DAFCD1 /* FirebaseDatabase */ = {
			isa = XCSwiftPackageProductDependency;
			package = 3FD259D92836E5BC00DAFCD1 /* XCRemoteSwiftPackageReference "firebase-ios-sdk" */;
			productName = FirebaseDatabase;
		};
		3FD259EE2836E5BC00DAFCD1 /* FirebaseDatabaseSwift */ = {
			isa = XCSwiftPackageProductDependency;
			package = 3FD259D92836E5BC00DAFCD1 /* XCRemoteSwiftPackageReference "firebase-ios-sdk" */;
			productName = FirebaseDatabaseSwift;
		};
		3FD259F02836E5BC00DAFCD1 /* FirebaseDynamicLinks */ = {
			isa = XCSwiftPackageProductDependency;
			package = 3FD259D92836E5BC00DAFCD1 /* XCRemoteSwiftPackageReference "firebase-ios-sdk" */;
			productName = FirebaseDynamicLinks;
		};
		3FD259F22836E5BC00DAFCD1 /* FirebaseFirestore */ = {
			isa = XCSwiftPackageProductDependency;
			package = 3FD259D92836E5BC00DAFCD1 /* XCRemoteSwiftPackageReference "firebase-ios-sdk" */;
			productName = FirebaseFirestore;
		};
		3FD259F42836E5BC00DAFCD1 /* FirebaseFirestoreCombine-Community */ = {
			isa = XCSwiftPackageProductDependency;
			package = 3FD259D92836E5BC00DAFCD1 /* XCRemoteSwiftPackageReference "firebase-ios-sdk" */;
			productName = "FirebaseFirestoreCombine-Community";
		};
		3FD259F62836E5BC00DAFCD1 /* FirebaseFirestoreSwift */ = {
			isa = XCSwiftPackageProductDependency;
			package = 3FD259D92836E5BC00DAFCD1 /* XCRemoteSwiftPackageReference "firebase-ios-sdk" */;
			productName = FirebaseFirestoreSwift;
		};
		3FD259F82836E5BC00DAFCD1 /* FirebaseFunctions */ = {
			isa = XCSwiftPackageProductDependency;
			package = 3FD259D92836E5BC00DAFCD1 /* XCRemoteSwiftPackageReference "firebase-ios-sdk" */;
			productName = FirebaseFunctions;
		};
		3FD259FA2836E5BC00DAFCD1 /* FirebaseFunctionsCombine-Community */ = {
			isa = XCSwiftPackageProductDependency;
			package = 3FD259D92836E5BC00DAFCD1 /* XCRemoteSwiftPackageReference "firebase-ios-sdk" */;
			productName = "FirebaseFunctionsCombine-Community";
		};
		3FD259FC2836E5BC00DAFCD1 /* FirebaseInAppMessaging-Beta */ = {
			isa = XCSwiftPackageProductDependency;
			package = 3FD259D92836E5BC00DAFCD1 /* XCRemoteSwiftPackageReference "firebase-ios-sdk" */;
			productName = "FirebaseInAppMessaging-Beta";
		};
		3FD259FE2836E5BC00DAFCD1 /* FirebaseInAppMessagingSwift-Beta */ = {
			isa = XCSwiftPackageProductDependency;
			package = 3FD259D92836E5BC00DAFCD1 /* XCRemoteSwiftPackageReference "firebase-ios-sdk" */;
			productName = "FirebaseInAppMessagingSwift-Beta";
		};
		3FD25A002836E5BC00DAFCD1 /* FirebaseInstallations */ = {
			isa = XCSwiftPackageProductDependency;
			package = 3FD259D92836E5BC00DAFCD1 /* XCRemoteSwiftPackageReference "firebase-ios-sdk" */;
			productName = FirebaseInstallations;
		};
		3FD25A022836E5BC00DAFCD1 /* FirebaseMLModelDownloader */ = {
			isa = XCSwiftPackageProductDependency;
			package = 3FD259D92836E5BC00DAFCD1 /* XCRemoteSwiftPackageReference "firebase-ios-sdk" */;
			productName = FirebaseMLModelDownloader;
		};
		3FD25A042836E5BC00DAFCD1 /* FirebaseMessaging */ = {
			isa = XCSwiftPackageProductDependency;
			package = 3FD259D92836E5BC00DAFCD1 /* XCRemoteSwiftPackageReference "firebase-ios-sdk" */;
			productName = FirebaseMessaging;
		};
		3FD25A062836E5BC00DAFCD1 /* FirebasePerformance */ = {
			isa = XCSwiftPackageProductDependency;
			package = 3FD259D92836E5BC00DAFCD1 /* XCRemoteSwiftPackageReference "firebase-ios-sdk" */;
			productName = FirebasePerformance;
		};
		3FD25A082836E5BC00DAFCD1 /* FirebaseRemoteConfig */ = {
			isa = XCSwiftPackageProductDependency;
			package = 3FD259D92836E5BC00DAFCD1 /* XCRemoteSwiftPackageReference "firebase-ios-sdk" */;
			productName = FirebaseRemoteConfig;
		};
		3FD25A0A2836E5BC00DAFCD1 /* FirebaseRemoteConfigSwift */ = {
			isa = XCSwiftPackageProductDependency;
			package = 3FD259D92836E5BC00DAFCD1 /* XCRemoteSwiftPackageReference "firebase-ios-sdk" */;
			productName = FirebaseRemoteConfigSwift;
		};
		3FD25A0C2836E5BC00DAFCD1 /* FirebaseStorage */ = {
			isa = XCSwiftPackageProductDependency;
			package = 3FD259D92836E5BC00DAFCD1 /* XCRemoteSwiftPackageReference "firebase-ios-sdk" */;
			productName = FirebaseStorage;
		};
		3FD25A0E2836E5BC00DAFCD1 /* FirebaseStorageCombine-Community */ = {
			isa = XCSwiftPackageProductDependency;
			package = 3FD259D92836E5BC00DAFCD1 /* XCRemoteSwiftPackageReference "firebase-ios-sdk" */;
			productName = "FirebaseStorageCombine-Community";
		};
/* End XCSwiftPackageProductDependency section */
	};
	rootObject = 3FFF643B280CAD0100030ABD /* Project object */;
}
